
Microsoft Visual Studio Solution File, Format Version 12.00
# Visual Studio Version 16
VisualStudioVersion = 16.0.30804.86
MinimumVisualStudioVersion = 10.0.40219.1
Project("{FAE04EC0-301F-11D3-BF4B-00C04F79EFBC}") = "StudentInformation", "StudentInformation\StudentInformation.csproj", "{5FB7167A-6FF6-403D-8238-52B0B3F4A7E7}"
EndProject
Project("{2150E333-8FDC-42A3-9474-1A3956D46DE8}") = "Basic Syntax, Conditional Statements and Loops - Exercise", "Basic Syntax, Conditional Statements and Loops - Exercise", "{E130E6C9-90EA-41E8-9CDB-6A801E1D9619}"
EndProject
Project("{2150E333-8FDC-42A3-9474-1A3956D46DE8}") = "Basic Syntax, Conditional Statements and Loops - More Exercise", "Basic Syntax, Conditional Statements and Loops - More Exercise", "{14EA2CCE-E865-4F05-9A4A-A00D8734B010}"
EndProject
Project("{2150E333-8FDC-42A3-9474-1A3956D46DE8}") = "Basic Syntax, Conditional Statements and Loops - Lab", "Basic Syntax, Conditional Statements and Loops - Lab", "{ED1672A1-4591-46FD-B1CD-F10497DD0C54}"
EndProject
Project("{FAE04EC0-301F-11D3-BF4B-00C04F79EFBC}") = "Passed", "Passed\Passed.csproj", "{0B1FB174-83A4-46DB-B075-A6562916C241}"
EndProject
Project("{FAE04EC0-301F-11D3-BF4B-00C04F79EFBC}") = "PassedOrFailed", "PassedOrFailed\PassedOrFailed.csproj", "{F7F84E21-A973-40A2-8E0A-236B768DDD9A}"
EndProject
Project("{FAE04EC0-301F-11D3-BF4B-00C04F79EFBC}") = "BackIn30Mins", "BackIn30Mins\BackIn30Mins.csproj", "{D4CDDE06-7161-4453-881F-AC5EE2E912B4}"
EndProject
Project("{FAE04EC0-301F-11D3-BF4B-00C04F79EFBC}") = "MonthPrinter", "MonthPrinter\MonthPrinter.csproj", "{84DDE595-ACD8-42F7-856A-0DA244E53BC5}"
EndProject
Project("{FAE04EC0-301F-11D3-BF4B-00C04F79EFBC}") = "ForeignLanguages", "ForeignLanguages\ForeignLanguages.csproj", "{F40BC9B5-9A6C-416B-BD04-09238DC0117A}"
EndProject
Project("{FAE04EC0-301F-11D3-BF4B-00C04F79EFBC}") = "TheatrePromotion", "TheatrePromotion\TheatrePromotion.csproj", "{AC102AA8-2CA7-4C35-8049-56CB40B1BBAF}"
EndProject
Project("{FAE04EC0-301F-11D3-BF4B-00C04F79EFBC}") = "DivisibleBy3", "DivisibleBy3\DivisibleBy3.csproj", "{6CBAD1E4-F771-4530-A141-88ED2B49DB59}"
EndProject
Project("{FAE04EC0-301F-11D3-BF4B-00C04F79EFBC}") = "SumOfOddNumbers", "SumOfOddNumbers\SumOfOddNumbers.csproj", "{6EE6BB1B-4F85-4409-8967-479DE611BBA6}"
EndProject
Project("{FAE04EC0-301F-11D3-BF4B-00C04F79EFBC}") = "MultiplicationTable", "MultiplicationTable\MultiplicationTable.csproj", "{8FAD417E-3929-4BAE-9E3E-0449E03E52D2}"
EndProject
Project("{FAE04EC0-301F-11D3-BF4B-00C04F79EFBC}") = "MultiplicationTable2.0", "MultiplicationTable2.0\MultiplicationTable2.0.csproj", "{2C762EF1-7ACF-4CBE-BC7A-A7381D9E2AEB}"
EndProject
Project("{FAE04EC0-301F-11D3-BF4B-00C04F79EFBC}") = "EvenNumber", "EvenNumber\EvenNumber.csproj", "{5544F483-C6C9-4615-97C1-185B2FFC06E0}"
EndProject
Project("{FAE04EC0-301F-11D3-BF4B-00C04F79EFBC}") = "HolidaysBetweenTwoDates", "HolidaysBetweenTwoDates\HolidaysBetweenTwoDates.csproj", "{329D33F5-B25C-4BC3-B30C-E24600916A41}"
EndProject
Project("{FAE04EC0-301F-11D3-BF4B-00C04F79EFBC}") = "Ages", "Ages\Ages.csproj", "{EA2FA1D7-6F0A-4BBC-9CF2-A087CDEAEC8F}"
EndProject
Project("{FAE04EC0-301F-11D3-BF4B-00C04F79EFBC}") = "Division", "Division\Division.csproj", "{E4CEB7AD-C6A1-4133-804F-A61CEA7A8539}"
EndProject
Project("{FAE04EC0-301F-11D3-BF4B-00C04F79EFBC}") = "Vacation", "Vacation\Vacation.csproj", "{C465B85C-AA72-4FC5-968A-8D2822BC44D1}"
EndProject
Project("{FAE04EC0-301F-11D3-BF4B-00C04F79EFBC}") = "PrintAndSum", "PrintAndSum\PrintAndSum.csproj", "{B1C60A94-ED02-406C-89AF-E81621832F81}"
EndProject
Project("{FAE04EC0-301F-11D3-BF4B-00C04F79EFBC}") = "Login", "Login\Login.csproj", "{558E745D-F2B3-49FB-8198-52BFDE4AB23B}"
EndProject
Project("{FAE04EC0-301F-11D3-BF4B-00C04F79EFBC}") = "StrongNumber", "StrongNumber\StrongNumber.csproj", "{3764B2F8-D2B1-487E-AF4D-24F1EAFDCC75}"
EndProject
Project("{FAE04EC0-301F-11D3-BF4B-00C04F79EFBC}") = "VendingMachine", "VendingMachine\VendingMachine.csproj", "{B7B35360-1A85-4AE8-B577-27D51B132144}"
EndProject
Project("{FAE04EC0-301F-11D3-BF4B-00C04F79EFBC}") = "TriangleOfNumbers", "TriangleOfNumbers\TriangleOfNumbers.csproj", "{DF28704A-CB23-465D-859A-8CB41C5E384C}"
EndProject
Project("{FAE04EC0-301F-11D3-BF4B-00C04F79EFBC}") = "PadawanEquipment", "PadawanEquipment\PadawanEquipment.csproj", "{0620AD25-7322-4F94-8B60-06A780089B14}"
EndProject
Project("{FAE04EC0-301F-11D3-BF4B-00C04F79EFBC}") = "SortNumbers", "SortNumbers\SortNumbers.csproj", "{D9D4B3E2-2F1C-4642-9B19-7807031AF323}"
EndProject
Project("{FAE04EC0-301F-11D3-BF4B-00C04F79EFBC}") = "EnglishNameOfTheLastDigit", "EnglishNameOfTheLastDigit\EnglishNameOfTheLastDigit.csproj", "{2ADFC1BE-9F87-42CC-BC29-A3ED4C859273}"
EndProject
Project("{FAE04EC0-301F-11D3-BF4B-00C04F79EFBC}") = "GamingStore", "GamingStore\GamingStore.csproj", "{4E49311C-4EAE-45F4-A2C6-21AE4D6E039E}"
EndProject
Project("{FAE04EC0-301F-11D3-BF4B-00C04F79EFBC}") = "ReverseString", "ReverseString\ReverseString.csproj", "{DFBE7B97-374D-4900-8A03-1F2C584E65A1}"
EndProject
Global
	GlobalSection(SolutionConfigurationPlatforms) = preSolution
		Debug|Any CPU = Debug|Any CPU
		Release|Any CPU = Release|Any CPU
	EndGlobalSection
	GlobalSection(ProjectConfigurationPlatforms) = postSolution
		{5FB7167A-6FF6-403D-8238-52B0B3F4A7E7}.Debug|Any CPU.ActiveCfg = Debug|Any CPU
		{5FB7167A-6FF6-403D-8238-52B0B3F4A7E7}.Debug|Any CPU.Build.0 = Debug|Any CPU
		{5FB7167A-6FF6-403D-8238-52B0B3F4A7E7}.Release|Any CPU.ActiveCfg = Release|Any CPU
		{5FB7167A-6FF6-403D-8238-52B0B3F4A7E7}.Release|Any CPU.Build.0 = Release|Any CPU
		{0B1FB174-83A4-46DB-B075-A6562916C241}.Debug|Any CPU.ActiveCfg = Debug|Any CPU
		{0B1FB174-83A4-46DB-B075-A6562916C241}.Debug|Any CPU.Build.0 = Debug|Any CPU
		{0B1FB174-83A4-46DB-B075-A6562916C241}.Release|Any CPU.ActiveCfg = Release|Any CPU
		{0B1FB174-83A4-46DB-B075-A6562916C241}.Release|Any CPU.Build.0 = Release|Any CPU
		{F7F84E21-A973-40A2-8E0A-236B768DDD9A}.Debug|Any CPU.ActiveCfg = Debug|Any CPU
		{F7F84E21-A973-40A2-8E0A-236B768DDD9A}.Debug|Any CPU.Build.0 = Debug|Any CPU
		{F7F84E21-A973-40A2-8E0A-236B768DDD9A}.Release|Any CPU.ActiveCfg = Release|Any CPU
		{F7F84E21-A973-40A2-8E0A-236B768DDD9A}.Release|Any CPU.Build.0 = Release|Any CPU
		{D4CDDE06-7161-4453-881F-AC5EE2E912B4}.Debug|Any CPU.ActiveCfg = Debug|Any CPU
		{D4CDDE06-7161-4453-881F-AC5EE2E912B4}.Debug|Any CPU.Build.0 = Debug|Any CPU
		{D4CDDE06-7161-4453-881F-AC5EE2E912B4}.Release|Any CPU.ActiveCfg = Release|Any CPU
		{D4CDDE06-7161-4453-881F-AC5EE2E912B4}.Release|Any CPU.Build.0 = Release|Any CPU
		{84DDE595-ACD8-42F7-856A-0DA244E53BC5}.Debug|Any CPU.ActiveCfg = Debug|Any CPU
		{84DDE595-ACD8-42F7-856A-0DA244E53BC5}.Debug|Any CPU.Build.0 = Debug|Any CPU
		{84DDE595-ACD8-42F7-856A-0DA244E53BC5}.Release|Any CPU.ActiveCfg = Release|Any CPU
		{84DDE595-ACD8-42F7-856A-0DA244E53BC5}.Release|Any CPU.Build.0 = Release|Any CPU
		{F40BC9B5-9A6C-416B-BD04-09238DC0117A}.Debug|Any CPU.ActiveCfg = Debug|Any CPU
		{F40BC9B5-9A6C-416B-BD04-09238DC0117A}.Debug|Any CPU.Build.0 = Debug|Any CPU
		{F40BC9B5-9A6C-416B-BD04-09238DC0117A}.Release|Any CPU.ActiveCfg = Release|Any CPU
		{F40BC9B5-9A6C-416B-BD04-09238DC0117A}.Release|Any CPU.Build.0 = Release|Any CPU
		{AC102AA8-2CA7-4C35-8049-56CB40B1BBAF}.Debug|Any CPU.ActiveCfg = Debug|Any CPU
		{AC102AA8-2CA7-4C35-8049-56CB40B1BBAF}.Debug|Any CPU.Build.0 = Debug|Any CPU
		{AC102AA8-2CA7-4C35-8049-56CB40B1BBAF}.Release|Any CPU.ActiveCfg = Release|Any CPU
		{AC102AA8-2CA7-4C35-8049-56CB40B1BBAF}.Release|Any CPU.Build.0 = Release|Any CPU
		{6CBAD1E4-F771-4530-A141-88ED2B49DB59}.Debug|Any CPU.ActiveCfg = Debug|Any CPU
		{6CBAD1E4-F771-4530-A141-88ED2B49DB59}.Debug|Any CPU.Build.0 = Debug|Any CPU
		{6CBAD1E4-F771-4530-A141-88ED2B49DB59}.Release|Any CPU.ActiveCfg = Release|Any CPU
		{6CBAD1E4-F771-4530-A141-88ED2B49DB59}.Release|Any CPU.Build.0 = Release|Any CPU
		{6EE6BB1B-4F85-4409-8967-479DE611BBA6}.Debug|Any CPU.ActiveCfg = Debug|Any CPU
		{6EE6BB1B-4F85-4409-8967-479DE611BBA6}.Debug|Any CPU.Build.0 = Debug|Any CPU
		{6EE6BB1B-4F85-4409-8967-479DE611BBA6}.Release|Any CPU.ActiveCfg = Release|Any CPU
		{6EE6BB1B-4F85-4409-8967-479DE611BBA6}.Release|Any CPU.Build.0 = Release|Any CPU
		{8FAD417E-3929-4BAE-9E3E-0449E03E52D2}.Debug|Any CPU.ActiveCfg = Debug|Any CPU
		{8FAD417E-3929-4BAE-9E3E-0449E03E52D2}.Debug|Any CPU.Build.0 = Debug|Any CPU
		{8FAD417E-3929-4BAE-9E3E-0449E03E52D2}.Release|Any CPU.ActiveCfg = Release|Any CPU
		{8FAD417E-3929-4BAE-9E3E-0449E03E52D2}.Release|Any CPU.Build.0 = Release|Any CPU
		{2C762EF1-7ACF-4CBE-BC7A-A7381D9E2AEB}.Debug|Any CPU.ActiveCfg = Debug|Any CPU
		{2C762EF1-7ACF-4CBE-BC7A-A7381D9E2AEB}.Debug|Any CPU.Build.0 = Debug|Any CPU
		{2C762EF1-7ACF-4CBE-BC7A-A7381D9E2AEB}.Release|Any CPU.ActiveCfg = Release|Any CPU
		{2C762EF1-7ACF-4CBE-BC7A-A7381D9E2AEB}.Release|Any CPU.Build.0 = Release|Any CPU
		{5544F483-C6C9-4615-97C1-185B2FFC06E0}.Debug|Any CPU.ActiveCfg = Debug|Any CPU
		{5544F483-C6C9-4615-97C1-185B2FFC06E0}.Debug|Any CPU.Build.0 = Debug|Any CPU
		{5544F483-C6C9-4615-97C1-185B2FFC06E0}.Release|Any CPU.ActiveCfg = Release|Any CPU
		{5544F483-C6C9-4615-97C1-185B2FFC06E0}.Release|Any CPU.Build.0 = Release|Any CPU
		{329D33F5-B25C-4BC3-B30C-E24600916A41}.Debug|Any CPU.ActiveCfg = Debug|Any CPU
		{329D33F5-B25C-4BC3-B30C-E24600916A41}.Debug|Any CPU.Build.0 = Debug|Any CPU
		{329D33F5-B25C-4BC3-B30C-E24600916A41}.Release|Any CPU.ActiveCfg = Release|Any CPU
		{329D33F5-B25C-4BC3-B30C-E24600916A41}.Release|Any CPU.Build.0 = Release|Any CPU
		{EA2FA1D7-6F0A-4BBC-9CF2-A087CDEAEC8F}.Debug|Any CPU.ActiveCfg = Debug|Any CPU
		{EA2FA1D7-6F0A-4BBC-9CF2-A087CDEAEC8F}.Debug|Any CPU.Build.0 = Debug|Any CPU
		{EA2FA1D7-6F0A-4BBC-9CF2-A087CDEAEC8F}.Release|Any CPU.ActiveCfg = Release|Any CPU
		{EA2FA1D7-6F0A-4BBC-9CF2-A087CDEAEC8F}.Release|Any CPU.Build.0 = Release|Any CPU
		{E4CEB7AD-C6A1-4133-804F-A61CEA7A8539}.Debug|Any CPU.ActiveCfg = Debug|Any CPU
		{E4CEB7AD-C6A1-4133-804F-A61CEA7A8539}.Debug|Any CPU.Build.0 = Debug|Any CPU
		{E4CEB7AD-C6A1-4133-804F-A61CEA7A8539}.Release|Any CPU.ActiveCfg = Release|Any CPU
		{E4CEB7AD-C6A1-4133-804F-A61CEA7A8539}.Release|Any CPU.Build.0 = Release|Any CPU
		{C465B85C-AA72-4FC5-968A-8D2822BC44D1}.Debug|Any CPU.ActiveCfg = Debug|Any CPU
		{C465B85C-AA72-4FC5-968A-8D2822BC44D1}.Debug|Any CPU.Build.0 = Debug|Any CPU
		{C465B85C-AA72-4FC5-968A-8D2822BC44D1}.Release|Any CPU.ActiveCfg = Release|Any CPU
		{C465B85C-AA72-4FC5-968A-8D2822BC44D1}.Release|Any CPU.Build.0 = Release|Any CPU
		{B1C60A94-ED02-406C-89AF-E81621832F81}.Debug|Any CPU.ActiveCfg = Debug|Any CPU
		{B1C60A94-ED02-406C-89AF-E81621832F81}.Debug|Any CPU.Build.0 = Debug|Any CPU
		{B1C60A94-ED02-406C-89AF-E81621832F81}.Release|Any CPU.ActiveCfg = Release|Any CPU
		{B1C60A94-ED02-406C-89AF-E81621832F81}.Release|Any CPU.Build.0 = Release|Any CPU
		{558E745D-F2B3-49FB-8198-52BFDE4AB23B}.Debug|Any CPU.ActiveCfg = Debug|Any CPU
		{558E745D-F2B3-49FB-8198-52BFDE4AB23B}.Debug|Any CPU.Build.0 = Debug|Any CPU
		{558E745D-F2B3-49FB-8198-52BFDE4AB23B}.Release|Any CPU.ActiveCfg = Release|Any CPU
		{558E745D-F2B3-49FB-8198-52BFDE4AB23B}.Release|Any CPU.Build.0 = Release|Any CPU
		{3764B2F8-D2B1-487E-AF4D-24F1EAFDCC75}.Debug|Any CPU.ActiveCfg = Debug|Any CPU
		{3764B2F8-D2B1-487E-AF4D-24F1EAFDCC75}.Debug|Any CPU.Build.0 = Debug|Any CPU
		{3764B2F8-D2B1-487E-AF4D-24F1EAFDCC75}.Release|Any CPU.ActiveCfg = Release|Any CPU
		{3764B2F8-D2B1-487E-AF4D-24F1EAFDCC75}.Release|Any CPU.Build.0 = Release|Any CPU
		{B7B35360-1A85-4AE8-B577-27D51B132144}.Debug|Any CPU.ActiveCfg = Debug|Any CPU
		{B7B35360-1A85-4AE8-B577-27D51B132144}.Debug|Any CPU.Build.0 = Debug|Any CPU
		{B7B35360-1A85-4AE8-B577-27D51B132144}.Release|Any CPU.ActiveCfg = Release|Any CPU
		{B7B35360-1A85-4AE8-B577-27D51B132144}.Release|Any CPU.Build.0 = Release|Any CPU
		{DF28704A-CB23-465D-859A-8CB41C5E384C}.Debug|Any CPU.ActiveCfg = Debug|Any CPU
		{DF28704A-CB23-465D-859A-8CB41C5E384C}.Debug|Any CPU.Build.0 = Debug|Any CPU
		{DF28704A-CB23-465D-859A-8CB41C5E384C}.Release|Any CPU.ActiveCfg = Release|Any CPU
		{DF28704A-CB23-465D-859A-8CB41C5E384C}.Release|Any CPU.Build.0 = Release|Any CPU
		{0620AD25-7322-4F94-8B60-06A780089B14}.Debug|Any CPU.ActiveCfg = Debug|Any CPU
		{0620AD25-7322-4F94-8B60-06A780089B14}.Debug|Any CPU.Build.0 = Debug|Any CPU
		{0620AD25-7322-4F94-8B60-06A780089B14}.Release|Any CPU.ActiveCfg = Release|Any CPU
		{0620AD25-7322-4F94-8B60-06A780089B14}.Release|Any CPU.Build.0 = Release|Any CPU
		{D9D4B3E2-2F1C-4642-9B19-7807031AF323}.Debug|Any CPU.ActiveCfg = Debug|Any CPU
		{D9D4B3E2-2F1C-4642-9B19-7807031AF323}.Debug|Any CPU.Build.0 = Debug|Any CPU
		{D9D4B3E2-2F1C-4642-9B19-7807031AF323}.Release|Any CPU.ActiveCfg = Release|Any CPU
		{D9D4B3E2-2F1C-4642-9B19-7807031AF323}.Release|Any CPU.Build.0 = Release|Any CPU
		{2ADFC1BE-9F87-42CC-BC29-A3ED4C859273}.Debug|Any CPU.ActiveCfg = Debug|Any CPU
		{2ADFC1BE-9F87-42CC-BC29-A3ED4C859273}.Debug|Any CPU.Build.0 = Debug|Any CPU
		{2ADFC1BE-9F87-42CC-BC29-A3ED4C859273}.Release|Any CPU.ActiveCfg = Release|Any CPU
		{2ADFC1BE-9F87-42CC-BC29-A3ED4C859273}.Release|Any CPU.Build.0 = Release|Any CPU
		{4E49311C-4EAE-45F4-A2C6-21AE4D6E039E}.Debug|Any CPU.ActiveCfg = Debug|Any CPU
		{4E49311C-4EAE-45F4-A2C6-21AE4D6E039E}.Debug|Any CPU.Build.0 = Debug|Any CPU
		{4E49311C-4EAE-45F4-A2C6-21AE4D6E039E}.Release|Any CPU.ActiveCfg = Release|Any CPU
		{4E49311C-4EAE-45F4-A2C6-21AE4D6E039E}.Release|Any CPU.Build.0 = Release|Any CPU
		{DFBE7B97-374D-4900-8A03-1F2C584E65A1}.Debug|Any CPU.ActiveCfg = Debug|Any CPU
		{DFBE7B97-374D-4900-8A03-1F2C584E65A1}.Debug|Any CPU.Build.0 = Debug|Any CPU
		{DFBE7B97-374D-4900-8A03-1F2C584E65A1}.Release|Any CPU.ActiveCfg = Release|Any CPU
		{DFBE7B97-374D-4900-8A03-1F2C584E65A1}.Release|Any CPU.Build.0 = Release|Any CPU
	EndGlobalSection
	GlobalSection(SolutionProperties) = preSolution
		HideSolutionNode = FALSE
	EndGlobalSection
	GlobalSection(NestedProjects) = preSolution
		{5FB7167A-6FF6-403D-8238-52B0B3F4A7E7} = {ED1672A1-4591-46FD-B1CD-F10497DD0C54}
		{0B1FB174-83A4-46DB-B075-A6562916C241} = {ED1672A1-4591-46FD-B1CD-F10497DD0C54}
		{F7F84E21-A973-40A2-8E0A-236B768DDD9A} = {ED1672A1-4591-46FD-B1CD-F10497DD0C54}
		{D4CDDE06-7161-4453-881F-AC5EE2E912B4} = {ED1672A1-4591-46FD-B1CD-F10497DD0C54}
		{84DDE595-ACD8-42F7-856A-0DA244E53BC5} = {ED1672A1-4591-46FD-B1CD-F10497DD0C54}
		{F40BC9B5-9A6C-416B-BD04-09238DC0117A} = {ED1672A1-4591-46FD-B1CD-F10497DD0C54}
		{AC102AA8-2CA7-4C35-8049-56CB40B1BBAF} = {ED1672A1-4591-46FD-B1CD-F10497DD0C54}
		{6CBAD1E4-F771-4530-A141-88ED2B49DB59} = {ED1672A1-4591-46FD-B1CD-F10497DD0C54}
		{6EE6BB1B-4F85-4409-8967-479DE611BBA6} = {ED1672A1-4591-46FD-B1CD-F10497DD0C54}
		{8FAD417E-3929-4BAE-9E3E-0449E03E52D2} = {ED1672A1-4591-46FD-B1CD-F10497DD0C54}
		{2C762EF1-7ACF-4CBE-BC7A-A7381D9E2AEB} = {ED1672A1-4591-46FD-B1CD-F10497DD0C54}
		{5544F483-C6C9-4615-97C1-185B2FFC06E0} = {ED1672A1-4591-46FD-B1CD-F10497DD0C54}
		{329D33F5-B25C-4BC3-B30C-E24600916A41} = {ED1672A1-4591-46FD-B1CD-F10497DD0C54}
		{EA2FA1D7-6F0A-4BBC-9CF2-A087CDEAEC8F} = {E130E6C9-90EA-41E8-9CDB-6A801E1D9619}
		{E4CEB7AD-C6A1-4133-804F-A61CEA7A8539} = {E130E6C9-90EA-41E8-9CDB-6A801E1D9619}
		{C465B85C-AA72-4FC5-968A-8D2822BC44D1} = {E130E6C9-90EA-41E8-9CDB-6A801E1D9619}
		{B1C60A94-ED02-406C-89AF-E81621832F81} = {E130E6C9-90EA-41E8-9CDB-6A801E1D9619}
		{558E745D-F2B3-49FB-8198-52BFDE4AB23B} = {E130E6C9-90EA-41E8-9CDB-6A801E1D9619}
		{3764B2F8-D2B1-487E-AF4D-24F1EAFDCC75} = {E130E6C9-90EA-41E8-9CDB-6A801E1D9619}
		{B7B35360-1A85-4AE8-B577-27D51B132144} = {E130E6C9-90EA-41E8-9CDB-6A801E1D9619}
		{DF28704A-CB23-465D-859A-8CB41C5E384C} = {E130E6C9-90EA-41E8-9CDB-6A801E1D9619}
		{0620AD25-7322-4F94-8B60-06A780089B14} = {E130E6C9-90EA-41E8-9CDB-6A801E1D9619}
		{D9D4B3E2-2F1C-4642-9B19-7807031AF323} = {14EA2CCE-E865-4F05-9A4A-A00D8734B010}
		{2ADFC1BE-9F87-42CC-BC29-A3ED4C859273} = {14EA2CCE-E865-4F05-9A4A-A00D8734B010}
		{4E49311C-4EAE-45F4-A2C6-21AE4D6E039E} = {14EA2CCE-E865-4F05-9A4A-A00D8734B010}
		{DFBE7B97-374D-4900-8A03-1F2C584E65A1} = {14EA2CCE-E865-4F05-9A4A-A00D8734B010}
	EndGlobalSection
	GlobalSection(ExtensibilityGlobals) = postSolution
		SolutionGuid = {8E47FB58-6ABD-471C-A6F8-CFFBE8099856}
	EndGlobalSection
EndGlobal
