
Microsoft Visual Studio Solution File, Format Version 12.00
# Visual Studio Version 16
VisualStudioVersion = 16.0.30804.86
MinimumVisualStudioVersion = 10.0.40219.1
Project("{9A19103F-16F7-4668-BE54-9A1E7A4F7556}") = "SignOfIntegerNumbers", "SignOfIntegerNumbers\SignOfIntegerNumbers.csproj", "{6BC8E47D-6996-43D7-9828-7C316966178C}"
EndProject
Project("{2150E333-8FDC-42A3-9474-1A3956D46DE8}") = "Methods - Lab", "Methods - Lab", "{8F56E087-E890-4402-9FFF-A046CD1C7417}"
EndProject
Project("{9A19103F-16F7-4668-BE54-9A1E7A4F7556}") = "Grades", "Grades\Grades.csproj", "{8D2CFA47-E7AE-468C-91C7-0F650AA57B79}"
EndProject
Project("{9A19103F-16F7-4668-BE54-9A1E7A4F7556}") = "Calculations", "Calculations\Calculations.csproj", "{4652AFF7-8100-42CE-80BA-514B2D8FF463}"
EndProject
Project("{9A19103F-16F7-4668-BE54-9A1E7A4F7556}") = "PrintingTriangle", "PrintingTriangle\PrintingTriangle.csproj", "{D50AC0D5-BC38-48D0-A401-6C289D3D8DE8}"
EndProject
Project("{9A19103F-16F7-4668-BE54-9A1E7A4F7556}") = "Orders", "Orders\Orders.csproj", "{E36BE7F3-5A8F-476C-947B-C78808F661F3}"
EndProject
Project("{9A19103F-16F7-4668-BE54-9A1E7A4F7556}") = "CalculateRectangleArea", "CalculateRectangleArea\CalculateRectangleArea.csproj", "{993E2204-CA69-4E41-AEFF-5D0515EBD917}"
EndProject
Project("{9A19103F-16F7-4668-BE54-9A1E7A4F7556}") = "RepeatString", "RepeatString\RepeatString.csproj", "{1337138D-0827-4392-9EC4-E34CB9A776F0}"
EndProject
Project("{9A19103F-16F7-4668-BE54-9A1E7A4F7556}") = "MathPower", "MathPower\MathPower.csproj", "{56AB4FD0-96F1-4B2E-A6B0-781B8FC63964}"
EndProject
Project("{9A19103F-16F7-4668-BE54-9A1E7A4F7556}") = "GreaterOfTwoValues", "GreaterOfTwoValues\GreaterOfTwoValues.csproj", "{D572C499-34CE-481C-B5BB-4F56DE7757AB}"
EndProject
Project("{9A19103F-16F7-4668-BE54-9A1E7A4F7556}") = "MultiplyEvensByOdds", "MultiplyEvensByOdds\MultiplyEvensByOdds.csproj", "{B6230676-C6E3-4E12-BF92-574023F2F141}"
EndProject
Project("{9A19103F-16F7-4668-BE54-9A1E7A4F7556}") = "MathOperations", "MathOperations\MathOperations.csproj", "{6CC9B250-6028-4F7E-9E2D-7BDB0205CCC1}"
EndProject
Project("{2150E333-8FDC-42A3-9474-1A3956D46DE8}") = "Methods - Exercise", "Methods - Exercise", "{127415FD-9353-43E6-AF12-08A0EA59EC3B}"
EndProject
Project("{9A19103F-16F7-4668-BE54-9A1E7A4F7556}") = "SmallestOfThreeNumbers", "SmallestOfThreeNumbers\SmallestOfThreeNumbers.csproj", "{2356ED66-FF8C-4BA4-BDED-B7D0CF378267}"
EndProject
Project("{9A19103F-16F7-4668-BE54-9A1E7A4F7556}") = "VowelsCount", "VowelsCount\VowelsCount.csproj", "{50480631-95CA-416A-A646-FC27AA2612EC}"
EndProject
Project("{9A19103F-16F7-4668-BE54-9A1E7A4F7556}") = "CharactersInRange", "CharactersInRange\CharactersInRange.csproj", "{54036AEE-1FBF-43A2-A51D-B29965BEB5F1}"
EndProject
Project("{9A19103F-16F7-4668-BE54-9A1E7A4F7556}") = "PasswordValidator", "PasswordValidator\PasswordValidator.csproj", "{1A72DD0A-E532-41F3-A871-502B5808C75F}"
EndProject
Project("{9A19103F-16F7-4668-BE54-9A1E7A4F7556}") = "AddAndSubtract", "AddAndSubtract\AddAndSubtract.csproj", "{7D111316-5A69-4D05-934A-9D29195BBBD8}"
EndProject
Project("{9A19103F-16F7-4668-BE54-9A1E7A4F7556}") = "MiddleCharacters", "MiddleCharacters\MiddleCharacters.csproj", "{B3CEE533-EBE1-4F21-8A24-E457EEDD6528}"
EndProject
Project("{9A19103F-16F7-4668-BE54-9A1E7A4F7556}") = "NxNMatrix", "NxNMatrix\NxNMatrix.csproj", "{28E2BD77-E40F-44CE-91D7-8783016A074A}"
EndProject
Project("{9A19103F-16F7-4668-BE54-9A1E7A4F7556}") = "FactorialDivision", "FactorialDivision\FactorialDivision.csproj", "{A674A77A-22B8-4699-9671-B91BFB096906}"
EndProject
Project("{9A19103F-16F7-4668-BE54-9A1E7A4F7556}") = "TopNumber", "TopNumber\TopNumber.csproj", "{3FC04526-5FC0-4D69-8D00-C17875238EF4}"
EndProject
Project("{FAE04EC0-301F-11D3-BF4B-00C04F79EFBC}") = "PalindromeIntegers", "PalindromeIntegers\PalindromeIntegers.csproj", "{FB64D676-E591-4E7E-BB1A-951AEE5F07ED}"
EndProject
Global
	GlobalSection(SolutionConfigurationPlatforms) = preSolution
		Debug|Any CPU = Debug|Any CPU
		Release|Any CPU = Release|Any CPU
	EndGlobalSection
	GlobalSection(ProjectConfigurationPlatforms) = postSolution
		{6BC8E47D-6996-43D7-9828-7C316966178C}.Debug|Any CPU.ActiveCfg = Debug|Any CPU
		{6BC8E47D-6996-43D7-9828-7C316966178C}.Debug|Any CPU.Build.0 = Debug|Any CPU
		{6BC8E47D-6996-43D7-9828-7C316966178C}.Release|Any CPU.ActiveCfg = Release|Any CPU
		{6BC8E47D-6996-43D7-9828-7C316966178C}.Release|Any CPU.Build.0 = Release|Any CPU
		{8D2CFA47-E7AE-468C-91C7-0F650AA57B79}.Debug|Any CPU.ActiveCfg = Debug|Any CPU
		{8D2CFA47-E7AE-468C-91C7-0F650AA57B79}.Debug|Any CPU.Build.0 = Debug|Any CPU
		{8D2CFA47-E7AE-468C-91C7-0F650AA57B79}.Release|Any CPU.ActiveCfg = Release|Any CPU
		{8D2CFA47-E7AE-468C-91C7-0F650AA57B79}.Release|Any CPU.Build.0 = Release|Any CPU
		{4652AFF7-8100-42CE-80BA-514B2D8FF463}.Debug|Any CPU.ActiveCfg = Debug|Any CPU
		{4652AFF7-8100-42CE-80BA-514B2D8FF463}.Debug|Any CPU.Build.0 = Debug|Any CPU
		{4652AFF7-8100-42CE-80BA-514B2D8FF463}.Release|Any CPU.ActiveCfg = Release|Any CPU
		{4652AFF7-8100-42CE-80BA-514B2D8FF463}.Release|Any CPU.Build.0 = Release|Any CPU
		{D50AC0D5-BC38-48D0-A401-6C289D3D8DE8}.Debug|Any CPU.ActiveCfg = Debug|Any CPU
		{D50AC0D5-BC38-48D0-A401-6C289D3D8DE8}.Debug|Any CPU.Build.0 = Debug|Any CPU
		{D50AC0D5-BC38-48D0-A401-6C289D3D8DE8}.Release|Any CPU.ActiveCfg = Release|Any CPU
		{D50AC0D5-BC38-48D0-A401-6C289D3D8DE8}.Release|Any CPU.Build.0 = Release|Any CPU
		{E36BE7F3-5A8F-476C-947B-C78808F661F3}.Debug|Any CPU.ActiveCfg = Debug|Any CPU
		{E36BE7F3-5A8F-476C-947B-C78808F661F3}.Debug|Any CPU.Build.0 = Debug|Any CPU
		{E36BE7F3-5A8F-476C-947B-C78808F661F3}.Release|Any CPU.ActiveCfg = Release|Any CPU
		{E36BE7F3-5A8F-476C-947B-C78808F661F3}.Release|Any CPU.Build.0 = Release|Any CPU
		{993E2204-CA69-4E41-AEFF-5D0515EBD917}.Debug|Any CPU.ActiveCfg = Debug|Any CPU
		{993E2204-CA69-4E41-AEFF-5D0515EBD917}.Debug|Any CPU.Build.0 = Debug|Any CPU
		{993E2204-CA69-4E41-AEFF-5D0515EBD917}.Release|Any CPU.ActiveCfg = Release|Any CPU
		{993E2204-CA69-4E41-AEFF-5D0515EBD917}.Release|Any CPU.Build.0 = Release|Any CPU
		{1337138D-0827-4392-9EC4-E34CB9A776F0}.Debug|Any CPU.ActiveCfg = Debug|Any CPU
		{1337138D-0827-4392-9EC4-E34CB9A776F0}.Debug|Any CPU.Build.0 = Debug|Any CPU
		{1337138D-0827-4392-9EC4-E34CB9A776F0}.Release|Any CPU.ActiveCfg = Release|Any CPU
		{1337138D-0827-4392-9EC4-E34CB9A776F0}.Release|Any CPU.Build.0 = Release|Any CPU
		{56AB4FD0-96F1-4B2E-A6B0-781B8FC63964}.Debug|Any CPU.ActiveCfg = Debug|Any CPU
		{56AB4FD0-96F1-4B2E-A6B0-781B8FC63964}.Debug|Any CPU.Build.0 = Debug|Any CPU
		{56AB4FD0-96F1-4B2E-A6B0-781B8FC63964}.Release|Any CPU.ActiveCfg = Release|Any CPU
		{56AB4FD0-96F1-4B2E-A6B0-781B8FC63964}.Release|Any CPU.Build.0 = Release|Any CPU
		{D572C499-34CE-481C-B5BB-4F56DE7757AB}.Debug|Any CPU.ActiveCfg = Debug|Any CPU
		{D572C499-34CE-481C-B5BB-4F56DE7757AB}.Debug|Any CPU.Build.0 = Debug|Any CPU
		{D572C499-34CE-481C-B5BB-4F56DE7757AB}.Release|Any CPU.ActiveCfg = Release|Any CPU
		{D572C499-34CE-481C-B5BB-4F56DE7757AB}.Release|Any CPU.Build.0 = Release|Any CPU
		{B6230676-C6E3-4E12-BF92-574023F2F141}.Debug|Any CPU.ActiveCfg = Debug|Any CPU
		{B6230676-C6E3-4E12-BF92-574023F2F141}.Debug|Any CPU.Build.0 = Debug|Any CPU
		{B6230676-C6E3-4E12-BF92-574023F2F141}.Release|Any CPU.ActiveCfg = Release|Any CPU
		{B6230676-C6E3-4E12-BF92-574023F2F141}.Release|Any CPU.Build.0 = Release|Any CPU
		{6CC9B250-6028-4F7E-9E2D-7BDB0205CCC1}.Debug|Any CPU.ActiveCfg = Debug|Any CPU
		{6CC9B250-6028-4F7E-9E2D-7BDB0205CCC1}.Debug|Any CPU.Build.0 = Debug|Any CPU
		{6CC9B250-6028-4F7E-9E2D-7BDB0205CCC1}.Release|Any CPU.ActiveCfg = Release|Any CPU
		{6CC9B250-6028-4F7E-9E2D-7BDB0205CCC1}.Release|Any CPU.Build.0 = Release|Any CPU
		{2356ED66-FF8C-4BA4-BDED-B7D0CF378267}.Debug|Any CPU.ActiveCfg = Debug|Any CPU
		{2356ED66-FF8C-4BA4-BDED-B7D0CF378267}.Debug|Any CPU.Build.0 = Debug|Any CPU
		{2356ED66-FF8C-4BA4-BDED-B7D0CF378267}.Release|Any CPU.ActiveCfg = Release|Any CPU
		{2356ED66-FF8C-4BA4-BDED-B7D0CF378267}.Release|Any CPU.Build.0 = Release|Any CPU
		{50480631-95CA-416A-A646-FC27AA2612EC}.Debug|Any CPU.ActiveCfg = Debug|Any CPU
		{50480631-95CA-416A-A646-FC27AA2612EC}.Debug|Any CPU.Build.0 = Debug|Any CPU
		{50480631-95CA-416A-A646-FC27AA2612EC}.Release|Any CPU.ActiveCfg = Release|Any CPU
		{50480631-95CA-416A-A646-FC27AA2612EC}.Release|Any CPU.Build.0 = Release|Any CPU
		{54036AEE-1FBF-43A2-A51D-B29965BEB5F1}.Debug|Any CPU.ActiveCfg = Debug|Any CPU
		{54036AEE-1FBF-43A2-A51D-B29965BEB5F1}.Debug|Any CPU.Build.0 = Debug|Any CPU
		{54036AEE-1FBF-43A2-A51D-B29965BEB5F1}.Release|Any CPU.ActiveCfg = Release|Any CPU
		{54036AEE-1FBF-43A2-A51D-B29965BEB5F1}.Release|Any CPU.Build.0 = Release|Any CPU
		{1A72DD0A-E532-41F3-A871-502B5808C75F}.Debug|Any CPU.ActiveCfg = Debug|Any CPU
		{1A72DD0A-E532-41F3-A871-502B5808C75F}.Debug|Any CPU.Build.0 = Debug|Any CPU
		{1A72DD0A-E532-41F3-A871-502B5808C75F}.Release|Any CPU.ActiveCfg = Release|Any CPU
		{1A72DD0A-E532-41F3-A871-502B5808C75F}.Release|Any CPU.Build.0 = Release|Any CPU
		{7D111316-5A69-4D05-934A-9D29195BBBD8}.Debug|Any CPU.ActiveCfg = Debug|Any CPU
		{7D111316-5A69-4D05-934A-9D29195BBBD8}.Debug|Any CPU.Build.0 = Debug|Any CPU
		{7D111316-5A69-4D05-934A-9D29195BBBD8}.Release|Any CPU.ActiveCfg = Release|Any CPU
		{7D111316-5A69-4D05-934A-9D29195BBBD8}.Release|Any CPU.Build.0 = Release|Any CPU
		{B3CEE533-EBE1-4F21-8A24-E457EEDD6528}.Debug|Any CPU.ActiveCfg = Debug|Any CPU
		{B3CEE533-EBE1-4F21-8A24-E457EEDD6528}.Debug|Any CPU.Build.0 = Debug|Any CPU
		{B3CEE533-EBE1-4F21-8A24-E457EEDD6528}.Release|Any CPU.ActiveCfg = Release|Any CPU
		{B3CEE533-EBE1-4F21-8A24-E457EEDD6528}.Release|Any CPU.Build.0 = Release|Any CPU
		{28E2BD77-E40F-44CE-91D7-8783016A074A}.Debug|Any CPU.ActiveCfg = Debug|Any CPU
		{28E2BD77-E40F-44CE-91D7-8783016A074A}.Debug|Any CPU.Build.0 = Debug|Any CPU
		{28E2BD77-E40F-44CE-91D7-8783016A074A}.Release|Any CPU.ActiveCfg = Release|Any CPU
		{28E2BD77-E40F-44CE-91D7-8783016A074A}.Release|Any CPU.Build.0 = Release|Any CPU
		{A674A77A-22B8-4699-9671-B91BFB096906}.Debug|Any CPU.ActiveCfg = Debug|Any CPU
		{A674A77A-22B8-4699-9671-B91BFB096906}.Debug|Any CPU.Build.0 = Debug|Any CPU
		{A674A77A-22B8-4699-9671-B91BFB096906}.Release|Any CPU.ActiveCfg = Release|Any CPU
		{A674A77A-22B8-4699-9671-B91BFB096906}.Release|Any CPU.Build.0 = Release|Any CPU
		{3FC04526-5FC0-4D69-8D00-C17875238EF4}.Debug|Any CPU.ActiveCfg = Debug|Any CPU
		{3FC04526-5FC0-4D69-8D00-C17875238EF4}.Debug|Any CPU.Build.0 = Debug|Any CPU
		{3FC04526-5FC0-4D69-8D00-C17875238EF4}.Release|Any CPU.ActiveCfg = Release|Any CPU
		{3FC04526-5FC0-4D69-8D00-C17875238EF4}.Release|Any CPU.Build.0 = Release|Any CPU
		{FB64D676-E591-4E7E-BB1A-951AEE5F07ED}.Debug|Any CPU.ActiveCfg = Debug|Any CPU
		{FB64D676-E591-4E7E-BB1A-951AEE5F07ED}.Debug|Any CPU.Build.0 = Debug|Any CPU
		{FB64D676-E591-4E7E-BB1A-951AEE5F07ED}.Release|Any CPU.ActiveCfg = Release|Any CPU
		{FB64D676-E591-4E7E-BB1A-951AEE5F07ED}.Release|Any CPU.Build.0 = Release|Any CPU
	EndGlobalSection
	GlobalSection(SolutionProperties) = preSolution
		HideSolutionNode = FALSE
	EndGlobalSection
	GlobalSection(NestedProjects) = preSolution
		{6BC8E47D-6996-43D7-9828-7C316966178C} = {8F56E087-E890-4402-9FFF-A046CD1C7417}
		{8D2CFA47-E7AE-468C-91C7-0F650AA57B79} = {8F56E087-E890-4402-9FFF-A046CD1C7417}
		{4652AFF7-8100-42CE-80BA-514B2D8FF463} = {8F56E087-E890-4402-9FFF-A046CD1C7417}
		{D50AC0D5-BC38-48D0-A401-6C289D3D8DE8} = {8F56E087-E890-4402-9FFF-A046CD1C7417}
		{E36BE7F3-5A8F-476C-947B-C78808F661F3} = {8F56E087-E890-4402-9FFF-A046CD1C7417}
		{993E2204-CA69-4E41-AEFF-5D0515EBD917} = {8F56E087-E890-4402-9FFF-A046CD1C7417}
		{1337138D-0827-4392-9EC4-E34CB9A776F0} = {8F56E087-E890-4402-9FFF-A046CD1C7417}
		{56AB4FD0-96F1-4B2E-A6B0-781B8FC63964} = {8F56E087-E890-4402-9FFF-A046CD1C7417}
		{D572C499-34CE-481C-B5BB-4F56DE7757AB} = {8F56E087-E890-4402-9FFF-A046CD1C7417}
		{B6230676-C6E3-4E12-BF92-574023F2F141} = {8F56E087-E890-4402-9FFF-A046CD1C7417}
		{6CC9B250-6028-4F7E-9E2D-7BDB0205CCC1} = {8F56E087-E890-4402-9FFF-A046CD1C7417}
		{2356ED66-FF8C-4BA4-BDED-B7D0CF378267} = {127415FD-9353-43E6-AF12-08A0EA59EC3B}
		{50480631-95CA-416A-A646-FC27AA2612EC} = {127415FD-9353-43E6-AF12-08A0EA59EC3B}
		{54036AEE-1FBF-43A2-A51D-B29965BEB5F1} = {127415FD-9353-43E6-AF12-08A0EA59EC3B}
		{1A72DD0A-E532-41F3-A871-502B5808C75F} = {127415FD-9353-43E6-AF12-08A0EA59EC3B}
		{7D111316-5A69-4D05-934A-9D29195BBBD8} = {127415FD-9353-43E6-AF12-08A0EA59EC3B}
		{B3CEE533-EBE1-4F21-8A24-E457EEDD6528} = {127415FD-9353-43E6-AF12-08A0EA59EC3B}
		{28E2BD77-E40F-44CE-91D7-8783016A074A} = {127415FD-9353-43E6-AF12-08A0EA59EC3B}
		{A674A77A-22B8-4699-9671-B91BFB096906} = {127415FD-9353-43E6-AF12-08A0EA59EC3B}
		{3FC04526-5FC0-4D69-8D00-C17875238EF4} = {127415FD-9353-43E6-AF12-08A0EA59EC3B}
		{FB64D676-E591-4E7E-BB1A-951AEE5F07ED} = {127415FD-9353-43E6-AF12-08A0EA59EC3B}
	EndGlobalSection
	GlobalSection(ExtensibilityGlobals) = postSolution
		SolutionGuid = {C0470EFC-A063-47CD-AC63-333372962939}
	EndGlobalSection
EndGlobal
