
Microsoft Visual Studio Solution File, Format Version 12.00
# Visual Studio Version 16
VisualStudioVersion = 16.0.30804.86
MinimumVisualStudioVersion = 10.0.40219.1
Project("{9A19103F-16F7-4668-BE54-9A1E7A4F7556}") = "CountRealNumbers", "CountRealNumbers\CountRealNumbers.csproj", "{4C3AC7B1-97BC-4862-A62F-3D6A81079D15}"
EndProject
Project("{2150E333-8FDC-42A3-9474-1A3956D46DE8}") = "Associative Arrays - Lab", "Associative Arrays - Lab", "{7EA76255-59C3-489F-819A-95248F50BC66}"
EndProject
Project("{9A19103F-16F7-4668-BE54-9A1E7A4F7556}") = "OddOccurrences", "OddOccurrences\OddOccurrences.csproj", "{A5EAEBBC-B6E0-4D40-8385-3BFC2A4F9F71}"
EndProject
Project("{9A19103F-16F7-4668-BE54-9A1E7A4F7556}") = "WordSynonyms", "WordSynonyms\WordSynonyms.csproj", "{B8380B2D-2CFF-4BDE-81C7-4D3C5D21835A}"
EndProject
Project("{9A19103F-16F7-4668-BE54-9A1E7A4F7556}") = "Largest3Numbers", "Largest3Numbers\Largest3Numbers.csproj", "{1A096984-202C-4974-9BD1-884E297BBE6A}"
EndProject
Project("{9A19103F-16F7-4668-BE54-9A1E7A4F7556}") = "WordFilter", "WordFilter\WordFilter.csproj", "{72763615-114C-4391-82EA-21951CD04949}"
EndProject
Project("{2150E333-8FDC-42A3-9474-1A3956D46DE8}") = "Associative Arrays - Exercise", "Associative Arrays - Exercise", "{2CB4FB64-03B0-46C3-B14C-963F43C6ECA3}"
EndProject
Project("{9A19103F-16F7-4668-BE54-9A1E7A4F7556}") = "CountCharsInString", "CountCharsInString\CountCharsInString.csproj", "{19DF3FE7-B8C1-4436-8292-F93B1FA3F938}"
EndProject
Project("{9A19103F-16F7-4668-BE54-9A1E7A4F7556}") = "MinerTask", "MinerTask\MinerTask.csproj", "{3B319718-70AA-43A6-996A-6AB9573B673E}"
EndProject
Project("{9A19103F-16F7-4668-BE54-9A1E7A4F7556}") = "LegendaryFarming", "LegendaryFarming\LegendaryFarming.csproj", "{1B4F907D-471C-4536-818D-2A0C13954F90}"
EndProject
Project("{9A19103F-16F7-4668-BE54-9A1E7A4F7556}") = "Orders", "Orders\Orders.csproj", "{95B8C8B1-9261-48A5-BFAB-CA5933EF2429}"
EndProject
Project("{FAE04EC0-301F-11D3-BF4B-00C04F79EFBC}") = "SoftUniParking", "SoftUniParking\SoftUniParking.csproj", "{91144D55-B00D-4EE7-9586-C174075036E7}"
EndProject
Project("{FAE04EC0-301F-11D3-BF4B-00C04F79EFBC}") = "Courses", "Courses\Courses.csproj", "{823F91A8-29C4-4D16-A273-441603418470}"
EndProject
Project("{FAE04EC0-301F-11D3-BF4B-00C04F79EFBC}") = "StudentAcademy", "StudentAcademy\StudentAcademy.csproj", "{5C7A351D-25F1-4E55-B48A-8E9C23D30DAC}"
EndProject
Project("{FAE04EC0-301F-11D3-BF4B-00C04F79EFBC}") = "CompanyUsers", "CompanyUsers\CompanyUsers.csproj", "{94028C18-5F55-4EF8-A0F6-5C20DF7AB534}"
EndProject
Global
	GlobalSection(SolutionConfigurationPlatforms) = preSolution
		Debug|Any CPU = Debug|Any CPU
		Release|Any CPU = Release|Any CPU
	EndGlobalSection
	GlobalSection(ProjectConfigurationPlatforms) = postSolution
		{4C3AC7B1-97BC-4862-A62F-3D6A81079D15}.Debug|Any CPU.ActiveCfg = Debug|Any CPU
		{4C3AC7B1-97BC-4862-A62F-3D6A81079D15}.Debug|Any CPU.Build.0 = Debug|Any CPU
		{4C3AC7B1-97BC-4862-A62F-3D6A81079D15}.Release|Any CPU.ActiveCfg = Release|Any CPU
		{4C3AC7B1-97BC-4862-A62F-3D6A81079D15}.Release|Any CPU.Build.0 = Release|Any CPU
		{A5EAEBBC-B6E0-4D40-8385-3BFC2A4F9F71}.Debug|Any CPU.ActiveCfg = Debug|Any CPU
		{A5EAEBBC-B6E0-4D40-8385-3BFC2A4F9F71}.Debug|Any CPU.Build.0 = Debug|Any CPU
		{A5EAEBBC-B6E0-4D40-8385-3BFC2A4F9F71}.Release|Any CPU.ActiveCfg = Release|Any CPU
		{A5EAEBBC-B6E0-4D40-8385-3BFC2A4F9F71}.Release|Any CPU.Build.0 = Release|Any CPU
		{B8380B2D-2CFF-4BDE-81C7-4D3C5D21835A}.Debug|Any CPU.ActiveCfg = Debug|Any CPU
		{B8380B2D-2CFF-4BDE-81C7-4D3C5D21835A}.Debug|Any CPU.Build.0 = Debug|Any CPU
		{B8380B2D-2CFF-4BDE-81C7-4D3C5D21835A}.Release|Any CPU.ActiveCfg = Release|Any CPU
		{B8380B2D-2CFF-4BDE-81C7-4D3C5D21835A}.Release|Any CPU.Build.0 = Release|Any CPU
		{1A096984-202C-4974-9BD1-884E297BBE6A}.Debug|Any CPU.ActiveCfg = Debug|Any CPU
		{1A096984-202C-4974-9BD1-884E297BBE6A}.Debug|Any CPU.Build.0 = Debug|Any CPU
		{1A096984-202C-4974-9BD1-884E297BBE6A}.Release|Any CPU.ActiveCfg = Release|Any CPU
		{1A096984-202C-4974-9BD1-884E297BBE6A}.Release|Any CPU.Build.0 = Release|Any CPU
		{72763615-114C-4391-82EA-21951CD04949}.Debug|Any CPU.ActiveCfg = Debug|Any CPU
		{72763615-114C-4391-82EA-21951CD04949}.Debug|Any CPU.Build.0 = Debug|Any CPU
		{72763615-114C-4391-82EA-21951CD04949}.Release|Any CPU.ActiveCfg = Release|Any CPU
		{72763615-114C-4391-82EA-21951CD04949}.Release|Any CPU.Build.0 = Release|Any CPU
		{19DF3FE7-B8C1-4436-8292-F93B1FA3F938}.Debug|Any CPU.ActiveCfg = Debug|Any CPU
		{19DF3FE7-B8C1-4436-8292-F93B1FA3F938}.Debug|Any CPU.Build.0 = Debug|Any CPU
		{19DF3FE7-B8C1-4436-8292-F93B1FA3F938}.Release|Any CPU.ActiveCfg = Release|Any CPU
		{19DF3FE7-B8C1-4436-8292-F93B1FA3F938}.Release|Any CPU.Build.0 = Release|Any CPU
		{3B319718-70AA-43A6-996A-6AB9573B673E}.Debug|Any CPU.ActiveCfg = Debug|Any CPU
		{3B319718-70AA-43A6-996A-6AB9573B673E}.Debug|Any CPU.Build.0 = Debug|Any CPU
		{3B319718-70AA-43A6-996A-6AB9573B673E}.Release|Any CPU.ActiveCfg = Release|Any CPU
		{3B319718-70AA-43A6-996A-6AB9573B673E}.Release|Any CPU.Build.0 = Release|Any CPU
		{1B4F907D-471C-4536-818D-2A0C13954F90}.Debug|Any CPU.ActiveCfg = Debug|Any CPU
		{1B4F907D-471C-4536-818D-2A0C13954F90}.Debug|Any CPU.Build.0 = Debug|Any CPU
		{1B4F907D-471C-4536-818D-2A0C13954F90}.Release|Any CPU.ActiveCfg = Release|Any CPU
		{1B4F907D-471C-4536-818D-2A0C13954F90}.Release|Any CPU.Build.0 = Release|Any CPU
		{95B8C8B1-9261-48A5-BFAB-CA5933EF2429}.Debug|Any CPU.ActiveCfg = Debug|Any CPU
		{95B8C8B1-9261-48A5-BFAB-CA5933EF2429}.Debug|Any CPU.Build.0 = Debug|Any CPU
		{95B8C8B1-9261-48A5-BFAB-CA5933EF2429}.Release|Any CPU.ActiveCfg = Release|Any CPU
		{95B8C8B1-9261-48A5-BFAB-CA5933EF2429}.Release|Any CPU.Build.0 = Release|Any CPU
		{91144D55-B00D-4EE7-9586-C174075036E7}.Debug|Any CPU.ActiveCfg = Debug|Any CPU
		{91144D55-B00D-4EE7-9586-C174075036E7}.Debug|Any CPU.Build.0 = Debug|Any CPU
		{91144D55-B00D-4EE7-9586-C174075036E7}.Release|Any CPU.ActiveCfg = Release|Any CPU
		{91144D55-B00D-4EE7-9586-C174075036E7}.Release|Any CPU.Build.0 = Release|Any CPU
		{823F91A8-29C4-4D16-A273-441603418470}.Debug|Any CPU.ActiveCfg = Debug|Any CPU
		{823F91A8-29C4-4D16-A273-441603418470}.Debug|Any CPU.Build.0 = Debug|Any CPU
		{823F91A8-29C4-4D16-A273-441603418470}.Release|Any CPU.ActiveCfg = Release|Any CPU
		{823F91A8-29C4-4D16-A273-441603418470}.Release|Any CPU.Build.0 = Release|Any CPU
		{5C7A351D-25F1-4E55-B48A-8E9C23D30DAC}.Debug|Any CPU.ActiveCfg = Debug|Any CPU
		{5C7A351D-25F1-4E55-B48A-8E9C23D30DAC}.Debug|Any CPU.Build.0 = Debug|Any CPU
		{5C7A351D-25F1-4E55-B48A-8E9C23D30DAC}.Release|Any CPU.ActiveCfg = Release|Any CPU
		{5C7A351D-25F1-4E55-B48A-8E9C23D30DAC}.Release|Any CPU.Build.0 = Release|Any CPU
		{94028C18-5F55-4EF8-A0F6-5C20DF7AB534}.Debug|Any CPU.ActiveCfg = Debug|Any CPU
		{94028C18-5F55-4EF8-A0F6-5C20DF7AB534}.Debug|Any CPU.Build.0 = Debug|Any CPU
		{94028C18-5F55-4EF8-A0F6-5C20DF7AB534}.Release|Any CPU.ActiveCfg = Release|Any CPU
		{94028C18-5F55-4EF8-A0F6-5C20DF7AB534}.Release|Any CPU.Build.0 = Release|Any CPU
	EndGlobalSection
	GlobalSection(SolutionProperties) = preSolution
		HideSolutionNode = FALSE
	EndGlobalSection
	GlobalSection(NestedProjects) = preSolution
		{4C3AC7B1-97BC-4862-A62F-3D6A81079D15} = {7EA76255-59C3-489F-819A-95248F50BC66}
		{A5EAEBBC-B6E0-4D40-8385-3BFC2A4F9F71} = {7EA76255-59C3-489F-819A-95248F50BC66}
		{B8380B2D-2CFF-4BDE-81C7-4D3C5D21835A} = {7EA76255-59C3-489F-819A-95248F50BC66}
		{1A096984-202C-4974-9BD1-884E297BBE6A} = {7EA76255-59C3-489F-819A-95248F50BC66}
		{72763615-114C-4391-82EA-21951CD04949} = {7EA76255-59C3-489F-819A-95248F50BC66}
		{19DF3FE7-B8C1-4436-8292-F93B1FA3F938} = {2CB4FB64-03B0-46C3-B14C-963F43C6ECA3}
		{3B319718-70AA-43A6-996A-6AB9573B673E} = {2CB4FB64-03B0-46C3-B14C-963F43C6ECA3}
		{1B4F907D-471C-4536-818D-2A0C13954F90} = {2CB4FB64-03B0-46C3-B14C-963F43C6ECA3}
		{95B8C8B1-9261-48A5-BFAB-CA5933EF2429} = {2CB4FB64-03B0-46C3-B14C-963F43C6ECA3}
		{91144D55-B00D-4EE7-9586-C174075036E7} = {2CB4FB64-03B0-46C3-B14C-963F43C6ECA3}
		{823F91A8-29C4-4D16-A273-441603418470} = {2CB4FB64-03B0-46C3-B14C-963F43C6ECA3}
		{5C7A351D-25F1-4E55-B48A-8E9C23D30DAC} = {2CB4FB64-03B0-46C3-B14C-963F43C6ECA3}
		{94028C18-5F55-4EF8-A0F6-5C20DF7AB534} = {2CB4FB64-03B0-46C3-B14C-963F43C6ECA3}
	EndGlobalSection
	GlobalSection(ExtensibilityGlobals) = postSolution
		SolutionGuid = {1B66B66A-A62B-4C51-BDE0-4654827A9C2A}
	EndGlobalSection
EndGlobal
