
Microsoft Visual Studio Solution File, Format Version 12.00
# Visual Studio Version 16
VisualStudioVersion = 16.0.30804.86
MinimumVisualStudioVersion = 10.0.40219.1
Project("{FAE04EC0-301F-11D3-BF4B-00C04F79EFBC}") = "ConvertMetersToKilometers", "ConvertMetersToKilometers\ConvertMetersToKilometers.csproj", "{AAC96EB7-C777-4D34-8F1A-DB5F0ADCDB69}"
EndProject
Project("{2150E333-8FDC-42A3-9474-1A3956D46DE8}") = "Data Types and Variables - Lab", "Data Types and Variables - Lab", "{CABC185E-09C1-4E10-BD2C-4D891CA17B76}"
EndProject
Project("{FAE04EC0-301F-11D3-BF4B-00C04F79EFBC}") = "PoundsToDollars", "PoundsToDollars\PoundsToDollars.csproj", "{035C65BD-DAD7-4B77-A4FA-E029D73418D7}"
EndProject
Project("{FAE04EC0-301F-11D3-BF4B-00C04F79EFBC}") = "ExactSumOfRealNumbers", "ExactSumOfRealNumbers\ExactSumOfRealNumbers.csproj", "{6E231F2A-31BD-41D6-A3F2-23E37A5F8BFC}"
EndProject
Project("{FAE04EC0-301F-11D3-BF4B-00C04F79EFBC}") = "CenturiesToMinutes", "CenturiesToMinutes\CenturiesToMinutes.csproj", "{B8875137-748D-438E-A3A7-25C9FDCD140F}"
EndProject
Project("{FAE04EC0-301F-11D3-BF4B-00C04F79EFBC}") = "SpecialNumbers", "SpecialNumbers\SpecialNumbers.csproj", "{FC298E00-F54E-4C9C-A4AA-4FF0D8BCF9A7}"
EndProject
Project("{FAE04EC0-301F-11D3-BF4B-00C04F79EFBC}") = "ReversedChars", "ReversedChars\ReversedChars.csproj", "{AA7E46FD-D6F3-41FD-90B7-7541CBE5DA9F}"
EndProject
Project("{FAE04EC0-301F-11D3-BF4B-00C04F79EFBC}") = "ConcatNames", "ConcatNames\ConcatNames.csproj", "{330A6BD1-515F-473C-A1EB-12C74418CA74}"
EndProject
Project("{FAE04EC0-301F-11D3-BF4B-00C04F79EFBC}") = "TownInfo", "TownInfo\TownInfo.csproj", "{96595E05-000C-4031-8705-8193A7E67BD7}"
EndProject
Project("{FAE04EC0-301F-11D3-BF4B-00C04F79EFBC}") = "CharsToString", "CharsToString\CharsToString.csproj", "{80058E6E-2EC9-471C-8DB3-725C9FD697B5}"
EndProject
Project("{FAE04EC0-301F-11D3-BF4B-00C04F79EFBC}") = "LowerOrUpper", "LowerOrUpper\LowerOrUpper.csproj", "{C626B248-C25E-457D-968A-45F331A8A61C}"
EndProject
Project("{FAE04EC0-301F-11D3-BF4B-00C04F79EFBC}") = "RefactorVolumeOfPyramid", "RefactorVolumeOfPyramid\RefactorVolumeOfPyramid.csproj", "{68F21C9B-034F-447F-ADD5-60A9F0F943F9}"
EndProject
Project("{FAE04EC0-301F-11D3-BF4B-00C04F79EFBC}") = "RefactorSpecialNumbers", "RefactorSpecialNumbers\RefactorSpecialNumbers.csproj", "{4AE32E5F-AD68-4450-9C1B-EB9B90B8DDD5}"
EndProject
Project("{2150E333-8FDC-42A3-9474-1A3956D46DE8}") = "Data Types and Variables - Exercise", "Data Types and Variables - Exercise", "{073D212A-6106-4FDC-B9BF-D8B10EA09F97}"
EndProject
Project("{FAE04EC0-301F-11D3-BF4B-00C04F79EFBC}") = "IntegerOperations", "IntegerOperations\IntegerOperations.csproj", "{99E4FF22-4501-4974-B227-F4CBC7C38598}"
EndProject
Project("{FAE04EC0-301F-11D3-BF4B-00C04F79EFBC}") = "SumDigits", "SumDigits\SumDigits.csproj", "{6D0B56C8-4873-4B41-AF2F-70AAB9259093}"
EndProject
Project("{FAE04EC0-301F-11D3-BF4B-00C04F79EFBC}") = "Elevator", "Elevator\Elevator.csproj", "{95FD8031-E351-4A2C-8AD2-A162244B59D5}"
EndProject
Project("{FAE04EC0-301F-11D3-BF4B-00C04F79EFBC}") = "SumOfChars", "SumOfChars\SumOfChars.csproj", "{16957286-884A-4F8C-94C8-55106CBEEF1A}"
EndProject
Project("{FAE04EC0-301F-11D3-BF4B-00C04F79EFBC}") = "PrintPartOfASCIITable", "PrintPartOfASCIITable\PrintPartOfASCIITable.csproj", "{7359FAF9-2B8D-4962-BAA6-003DCD79C6D0}"
EndProject
Project("{FAE04EC0-301F-11D3-BF4B-00C04F79EFBC}") = "TriplesOfLatinLetters", "TriplesOfLatinLetters\TriplesOfLatinLetters.csproj", "{1B0DB472-FABE-4BAA-B62F-13F501B3D834}"
EndProject
Project("{FAE04EC0-301F-11D3-BF4B-00C04F79EFBC}") = "WaterOverflow", "WaterOverflow\WaterOverflow.csproj", "{FC461029-B164-453F-8BC6-31617B747DE8}"
EndProject
Project("{FAE04EC0-301F-11D3-BF4B-00C04F79EFBC}") = "BeerKegs", "BeerKegs\BeerKegs.csproj", "{07BFA70A-E3A9-4A4B-8F17-62EA6F1AE788}"
EndProject
Project("{2150E333-8FDC-42A3-9474-1A3956D46DE8}") = "Data Types and Variables - More Exercise", "Data Types and Variables - More Exercise", "{2E1CE3CD-4AD8-4B59-992F-76522471998D}"
EndProject
Project("{FAE04EC0-301F-11D3-BF4B-00C04F79EFBC}") = "DataTypeFinder", "DataTypeFinder\DataTypeFinder.csproj", "{933EC308-C235-42A1-8231-AC0A28F76F88}"
EndProject
Project("{FAE04EC0-301F-11D3-BF4B-00C04F79EFBC}") = "FromLeftToTheRight", "FromLeftToTheRight\FromLeftToTheRight.csproj", "{D3C21570-B30E-423C-97B4-FF8A6CFAB236}"
EndProject
Project("{FAE04EC0-301F-11D3-BF4B-00C04F79EFBC}") = "FloatingEquality", "FloatingEquality\FloatingEquality.csproj", "{3E6CCA5E-3294-4166-8BBB-9C4A80130670}"
EndProject
Project("{FAE04EC0-301F-11D3-BF4B-00C04F79EFBC}") = "RefactoringPrimeChecker", "RefactoringPrimeChecker\RefactoringPrimeChecker.csproj", "{88CDF037-0EA9-4E7B-9E5C-F7DB9CBCF091}"
EndProject
Project("{FAE04EC0-301F-11D3-BF4B-00C04F79EFBC}") = "DecryptingMessage", "DecryptingMessage\DecryptingMessage.csproj", "{8DA4D28C-1062-4ED1-BC1C-A924124684E8}"
EndProject
Project("{FAE04EC0-301F-11D3-BF4B-00C04F79EFBC}") = "BalancedBrackets", "BalancedBrackets\BalancedBrackets.csproj", "{077CB69A-75EE-4099-A95A-A3F628D18C3F}"
EndProject
Global
	GlobalSection(SolutionConfigurationPlatforms) = preSolution
		Debug|Any CPU = Debug|Any CPU
		Release|Any CPU = Release|Any CPU
	EndGlobalSection
	GlobalSection(ProjectConfigurationPlatforms) = postSolution
		{AAC96EB7-C777-4D34-8F1A-DB5F0ADCDB69}.Debug|Any CPU.ActiveCfg = Debug|Any CPU
		{AAC96EB7-C777-4D34-8F1A-DB5F0ADCDB69}.Debug|Any CPU.Build.0 = Debug|Any CPU
		{AAC96EB7-C777-4D34-8F1A-DB5F0ADCDB69}.Release|Any CPU.ActiveCfg = Release|Any CPU
		{AAC96EB7-C777-4D34-8F1A-DB5F0ADCDB69}.Release|Any CPU.Build.0 = Release|Any CPU
		{035C65BD-DAD7-4B77-A4FA-E029D73418D7}.Debug|Any CPU.ActiveCfg = Debug|Any CPU
		{035C65BD-DAD7-4B77-A4FA-E029D73418D7}.Debug|Any CPU.Build.0 = Debug|Any CPU
		{035C65BD-DAD7-4B77-A4FA-E029D73418D7}.Release|Any CPU.ActiveCfg = Release|Any CPU
		{035C65BD-DAD7-4B77-A4FA-E029D73418D7}.Release|Any CPU.Build.0 = Release|Any CPU
		{6E231F2A-31BD-41D6-A3F2-23E37A5F8BFC}.Debug|Any CPU.ActiveCfg = Debug|Any CPU
		{6E231F2A-31BD-41D6-A3F2-23E37A5F8BFC}.Debug|Any CPU.Build.0 = Debug|Any CPU
		{6E231F2A-31BD-41D6-A3F2-23E37A5F8BFC}.Release|Any CPU.ActiveCfg = Release|Any CPU
		{6E231F2A-31BD-41D6-A3F2-23E37A5F8BFC}.Release|Any CPU.Build.0 = Release|Any CPU
		{B8875137-748D-438E-A3A7-25C9FDCD140F}.Debug|Any CPU.ActiveCfg = Debug|Any CPU
		{B8875137-748D-438E-A3A7-25C9FDCD140F}.Debug|Any CPU.Build.0 = Debug|Any CPU
		{B8875137-748D-438E-A3A7-25C9FDCD140F}.Release|Any CPU.ActiveCfg = Release|Any CPU
		{B8875137-748D-438E-A3A7-25C9FDCD140F}.Release|Any CPU.Build.0 = Release|Any CPU
		{FC298E00-F54E-4C9C-A4AA-4FF0D8BCF9A7}.Debug|Any CPU.ActiveCfg = Debug|Any CPU
		{FC298E00-F54E-4C9C-A4AA-4FF0D8BCF9A7}.Debug|Any CPU.Build.0 = Debug|Any CPU
		{FC298E00-F54E-4C9C-A4AA-4FF0D8BCF9A7}.Release|Any CPU.ActiveCfg = Release|Any CPU
		{FC298E00-F54E-4C9C-A4AA-4FF0D8BCF9A7}.Release|Any CPU.Build.0 = Release|Any CPU
		{AA7E46FD-D6F3-41FD-90B7-7541CBE5DA9F}.Debug|Any CPU.ActiveCfg = Debug|Any CPU
		{AA7E46FD-D6F3-41FD-90B7-7541CBE5DA9F}.Debug|Any CPU.Build.0 = Debug|Any CPU
		{AA7E46FD-D6F3-41FD-90B7-7541CBE5DA9F}.Release|Any CPU.ActiveCfg = Release|Any CPU
		{AA7E46FD-D6F3-41FD-90B7-7541CBE5DA9F}.Release|Any CPU.Build.0 = Release|Any CPU
		{330A6BD1-515F-473C-A1EB-12C74418CA74}.Debug|Any CPU.ActiveCfg = Debug|Any CPU
		{330A6BD1-515F-473C-A1EB-12C74418CA74}.Debug|Any CPU.Build.0 = Debug|Any CPU
		{330A6BD1-515F-473C-A1EB-12C74418CA74}.Release|Any CPU.ActiveCfg = Release|Any CPU
		{330A6BD1-515F-473C-A1EB-12C74418CA74}.Release|Any CPU.Build.0 = Release|Any CPU
		{96595E05-000C-4031-8705-8193A7E67BD7}.Debug|Any CPU.ActiveCfg = Debug|Any CPU
		{96595E05-000C-4031-8705-8193A7E67BD7}.Debug|Any CPU.Build.0 = Debug|Any CPU
		{96595E05-000C-4031-8705-8193A7E67BD7}.Release|Any CPU.ActiveCfg = Release|Any CPU
		{96595E05-000C-4031-8705-8193A7E67BD7}.Release|Any CPU.Build.0 = Release|Any CPU
		{80058E6E-2EC9-471C-8DB3-725C9FD697B5}.Debug|Any CPU.ActiveCfg = Debug|Any CPU
		{80058E6E-2EC9-471C-8DB3-725C9FD697B5}.Debug|Any CPU.Build.0 = Debug|Any CPU
		{80058E6E-2EC9-471C-8DB3-725C9FD697B5}.Release|Any CPU.ActiveCfg = Release|Any CPU
		{80058E6E-2EC9-471C-8DB3-725C9FD697B5}.Release|Any CPU.Build.0 = Release|Any CPU
		{C626B248-C25E-457D-968A-45F331A8A61C}.Debug|Any CPU.ActiveCfg = Debug|Any CPU
		{C626B248-C25E-457D-968A-45F331A8A61C}.Debug|Any CPU.Build.0 = Debug|Any CPU
		{C626B248-C25E-457D-968A-45F331A8A61C}.Release|Any CPU.ActiveCfg = Release|Any CPU
		{C626B248-C25E-457D-968A-45F331A8A61C}.Release|Any CPU.Build.0 = Release|Any CPU
		{68F21C9B-034F-447F-ADD5-60A9F0F943F9}.Debug|Any CPU.ActiveCfg = Debug|Any CPU
		{68F21C9B-034F-447F-ADD5-60A9F0F943F9}.Debug|Any CPU.Build.0 = Debug|Any CPU
		{68F21C9B-034F-447F-ADD5-60A9F0F943F9}.Release|Any CPU.ActiveCfg = Release|Any CPU
		{68F21C9B-034F-447F-ADD5-60A9F0F943F9}.Release|Any CPU.Build.0 = Release|Any CPU
		{4AE32E5F-AD68-4450-9C1B-EB9B90B8DDD5}.Debug|Any CPU.ActiveCfg = Debug|Any CPU
		{4AE32E5F-AD68-4450-9C1B-EB9B90B8DDD5}.Debug|Any CPU.Build.0 = Debug|Any CPU
		{4AE32E5F-AD68-4450-9C1B-EB9B90B8DDD5}.Release|Any CPU.ActiveCfg = Release|Any CPU
		{4AE32E5F-AD68-4450-9C1B-EB9B90B8DDD5}.Release|Any CPU.Build.0 = Release|Any CPU
		{99E4FF22-4501-4974-B227-F4CBC7C38598}.Debug|Any CPU.ActiveCfg = Debug|Any CPU
		{99E4FF22-4501-4974-B227-F4CBC7C38598}.Debug|Any CPU.Build.0 = Debug|Any CPU
		{99E4FF22-4501-4974-B227-F4CBC7C38598}.Release|Any CPU.ActiveCfg = Release|Any CPU
		{99E4FF22-4501-4974-B227-F4CBC7C38598}.Release|Any CPU.Build.0 = Release|Any CPU
		{6D0B56C8-4873-4B41-AF2F-70AAB9259093}.Debug|Any CPU.ActiveCfg = Debug|Any CPU
		{6D0B56C8-4873-4B41-AF2F-70AAB9259093}.Debug|Any CPU.Build.0 = Debug|Any CPU
		{6D0B56C8-4873-4B41-AF2F-70AAB9259093}.Release|Any CPU.ActiveCfg = Release|Any CPU
		{6D0B56C8-4873-4B41-AF2F-70AAB9259093}.Release|Any CPU.Build.0 = Release|Any CPU
		{95FD8031-E351-4A2C-8AD2-A162244B59D5}.Debug|Any CPU.ActiveCfg = Debug|Any CPU
		{95FD8031-E351-4A2C-8AD2-A162244B59D5}.Debug|Any CPU.Build.0 = Debug|Any CPU
		{95FD8031-E351-4A2C-8AD2-A162244B59D5}.Release|Any CPU.ActiveCfg = Release|Any CPU
		{95FD8031-E351-4A2C-8AD2-A162244B59D5}.Release|Any CPU.Build.0 = Release|Any CPU
		{16957286-884A-4F8C-94C8-55106CBEEF1A}.Debug|Any CPU.ActiveCfg = Debug|Any CPU
		{16957286-884A-4F8C-94C8-55106CBEEF1A}.Debug|Any CPU.Build.0 = Debug|Any CPU
		{16957286-884A-4F8C-94C8-55106CBEEF1A}.Release|Any CPU.ActiveCfg = Release|Any CPU
		{16957286-884A-4F8C-94C8-55106CBEEF1A}.Release|Any CPU.Build.0 = Release|Any CPU
		{7359FAF9-2B8D-4962-BAA6-003DCD79C6D0}.Debug|Any CPU.ActiveCfg = Debug|Any CPU
		{7359FAF9-2B8D-4962-BAA6-003DCD79C6D0}.Debug|Any CPU.Build.0 = Debug|Any CPU
		{7359FAF9-2B8D-4962-BAA6-003DCD79C6D0}.Release|Any CPU.ActiveCfg = Release|Any CPU
		{7359FAF9-2B8D-4962-BAA6-003DCD79C6D0}.Release|Any CPU.Build.0 = Release|Any CPU
		{1B0DB472-FABE-4BAA-B62F-13F501B3D834}.Debug|Any CPU.ActiveCfg = Debug|Any CPU
		{1B0DB472-FABE-4BAA-B62F-13F501B3D834}.Debug|Any CPU.Build.0 = Debug|Any CPU
		{1B0DB472-FABE-4BAA-B62F-13F501B3D834}.Release|Any CPU.ActiveCfg = Release|Any CPU
		{1B0DB472-FABE-4BAA-B62F-13F501B3D834}.Release|Any CPU.Build.0 = Release|Any CPU
		{FC461029-B164-453F-8BC6-31617B747DE8}.Debug|Any CPU.ActiveCfg = Debug|Any CPU
		{FC461029-B164-453F-8BC6-31617B747DE8}.Debug|Any CPU.Build.0 = Debug|Any CPU
		{FC461029-B164-453F-8BC6-31617B747DE8}.Release|Any CPU.ActiveCfg = Release|Any CPU
		{FC461029-B164-453F-8BC6-31617B747DE8}.Release|Any CPU.Build.0 = Release|Any CPU
		{07BFA70A-E3A9-4A4B-8F17-62EA6F1AE788}.Debug|Any CPU.ActiveCfg = Debug|Any CPU
		{07BFA70A-E3A9-4A4B-8F17-62EA6F1AE788}.Debug|Any CPU.Build.0 = Debug|Any CPU
		{07BFA70A-E3A9-4A4B-8F17-62EA6F1AE788}.Release|Any CPU.ActiveCfg = Release|Any CPU
		{07BFA70A-E3A9-4A4B-8F17-62EA6F1AE788}.Release|Any CPU.Build.0 = Release|Any CPU
		{933EC308-C235-42A1-8231-AC0A28F76F88}.Debug|Any CPU.ActiveCfg = Debug|Any CPU
		{933EC308-C235-42A1-8231-AC0A28F76F88}.Debug|Any CPU.Build.0 = Debug|Any CPU
		{933EC308-C235-42A1-8231-AC0A28F76F88}.Release|Any CPU.ActiveCfg = Release|Any CPU
		{933EC308-C235-42A1-8231-AC0A28F76F88}.Release|Any CPU.Build.0 = Release|Any CPU
		{D3C21570-B30E-423C-97B4-FF8A6CFAB236}.Debug|Any CPU.ActiveCfg = Debug|Any CPU
		{D3C21570-B30E-423C-97B4-FF8A6CFAB236}.Debug|Any CPU.Build.0 = Debug|Any CPU
		{D3C21570-B30E-423C-97B4-FF8A6CFAB236}.Release|Any CPU.ActiveCfg = Release|Any CPU
		{D3C21570-B30E-423C-97B4-FF8A6CFAB236}.Release|Any CPU.Build.0 = Release|Any CPU
		{3E6CCA5E-3294-4166-8BBB-9C4A80130670}.Debug|Any CPU.ActiveCfg = Debug|Any CPU
		{3E6CCA5E-3294-4166-8BBB-9C4A80130670}.Debug|Any CPU.Build.0 = Debug|Any CPU
		{3E6CCA5E-3294-4166-8BBB-9C4A80130670}.Release|Any CPU.ActiveCfg = Release|Any CPU
		{3E6CCA5E-3294-4166-8BBB-9C4A80130670}.Release|Any CPU.Build.0 = Release|Any CPU
		{88CDF037-0EA9-4E7B-9E5C-F7DB9CBCF091}.Debug|Any CPU.ActiveCfg = Debug|Any CPU
		{88CDF037-0EA9-4E7B-9E5C-F7DB9CBCF091}.Debug|Any CPU.Build.0 = Debug|Any CPU
		{88CDF037-0EA9-4E7B-9E5C-F7DB9CBCF091}.Release|Any CPU.ActiveCfg = Release|Any CPU
		{88CDF037-0EA9-4E7B-9E5C-F7DB9CBCF091}.Release|Any CPU.Build.0 = Release|Any CPU
		{8DA4D28C-1062-4ED1-BC1C-A924124684E8}.Debug|Any CPU.ActiveCfg = Debug|Any CPU
		{8DA4D28C-1062-4ED1-BC1C-A924124684E8}.Debug|Any CPU.Build.0 = Debug|Any CPU
		{8DA4D28C-1062-4ED1-BC1C-A924124684E8}.Release|Any CPU.ActiveCfg = Release|Any CPU
		{8DA4D28C-1062-4ED1-BC1C-A924124684E8}.Release|Any CPU.Build.0 = Release|Any CPU
		{077CB69A-75EE-4099-A95A-A3F628D18C3F}.Debug|Any CPU.ActiveCfg = Debug|Any CPU
		{077CB69A-75EE-4099-A95A-A3F628D18C3F}.Debug|Any CPU.Build.0 = Debug|Any CPU
		{077CB69A-75EE-4099-A95A-A3F628D18C3F}.Release|Any CPU.ActiveCfg = Release|Any CPU
		{077CB69A-75EE-4099-A95A-A3F628D18C3F}.Release|Any CPU.Build.0 = Release|Any CPU
	EndGlobalSection
	GlobalSection(SolutionProperties) = preSolution
		HideSolutionNode = FALSE
	EndGlobalSection
	GlobalSection(NestedProjects) = preSolution
		{AAC96EB7-C777-4D34-8F1A-DB5F0ADCDB69} = {CABC185E-09C1-4E10-BD2C-4D891CA17B76}
		{035C65BD-DAD7-4B77-A4FA-E029D73418D7} = {CABC185E-09C1-4E10-BD2C-4D891CA17B76}
		{6E231F2A-31BD-41D6-A3F2-23E37A5F8BFC} = {CABC185E-09C1-4E10-BD2C-4D891CA17B76}
		{B8875137-748D-438E-A3A7-25C9FDCD140F} = {CABC185E-09C1-4E10-BD2C-4D891CA17B76}
		{FC298E00-F54E-4C9C-A4AA-4FF0D8BCF9A7} = {CABC185E-09C1-4E10-BD2C-4D891CA17B76}
		{AA7E46FD-D6F3-41FD-90B7-7541CBE5DA9F} = {CABC185E-09C1-4E10-BD2C-4D891CA17B76}
		{330A6BD1-515F-473C-A1EB-12C74418CA74} = {CABC185E-09C1-4E10-BD2C-4D891CA17B76}
		{96595E05-000C-4031-8705-8193A7E67BD7} = {CABC185E-09C1-4E10-BD2C-4D891CA17B76}
		{80058E6E-2EC9-471C-8DB3-725C9FD697B5} = {CABC185E-09C1-4E10-BD2C-4D891CA17B76}
		{C626B248-C25E-457D-968A-45F331A8A61C} = {CABC185E-09C1-4E10-BD2C-4D891CA17B76}
		{68F21C9B-034F-447F-ADD5-60A9F0F943F9} = {CABC185E-09C1-4E10-BD2C-4D891CA17B76}
		{4AE32E5F-AD68-4450-9C1B-EB9B90B8DDD5} = {CABC185E-09C1-4E10-BD2C-4D891CA17B76}
		{99E4FF22-4501-4974-B227-F4CBC7C38598} = {073D212A-6106-4FDC-B9BF-D8B10EA09F97}
		{6D0B56C8-4873-4B41-AF2F-70AAB9259093} = {073D212A-6106-4FDC-B9BF-D8B10EA09F97}
		{95FD8031-E351-4A2C-8AD2-A162244B59D5} = {073D212A-6106-4FDC-B9BF-D8B10EA09F97}
		{16957286-884A-4F8C-94C8-55106CBEEF1A} = {073D212A-6106-4FDC-B9BF-D8B10EA09F97}
		{7359FAF9-2B8D-4962-BAA6-003DCD79C6D0} = {073D212A-6106-4FDC-B9BF-D8B10EA09F97}
		{1B0DB472-FABE-4BAA-B62F-13F501B3D834} = {073D212A-6106-4FDC-B9BF-D8B10EA09F97}
		{FC461029-B164-453F-8BC6-31617B747DE8} = {073D212A-6106-4FDC-B9BF-D8B10EA09F97}
		{07BFA70A-E3A9-4A4B-8F17-62EA6F1AE788} = {073D212A-6106-4FDC-B9BF-D8B10EA09F97}
		{933EC308-C235-42A1-8231-AC0A28F76F88} = {2E1CE3CD-4AD8-4B59-992F-76522471998D}
		{D3C21570-B30E-423C-97B4-FF8A6CFAB236} = {2E1CE3CD-4AD8-4B59-992F-76522471998D}
		{3E6CCA5E-3294-4166-8BBB-9C4A80130670} = {2E1CE3CD-4AD8-4B59-992F-76522471998D}
		{88CDF037-0EA9-4E7B-9E5C-F7DB9CBCF091} = {2E1CE3CD-4AD8-4B59-992F-76522471998D}
		{8DA4D28C-1062-4ED1-BC1C-A924124684E8} = {2E1CE3CD-4AD8-4B59-992F-76522471998D}
		{077CB69A-75EE-4099-A95A-A3F628D18C3F} = {2E1CE3CD-4AD8-4B59-992F-76522471998D}
	EndGlobalSection
	GlobalSection(ExtensibilityGlobals) = postSolution
		SolutionGuid = {D006A1BB-3951-4D4D-B1E0-283F7DDFCD07}
	EndGlobalSection
EndGlobal
