
Microsoft Visual Studio Solution File, Format Version 12.00
# Visual Studio Version 16
VisualStudioVersion = 16.0.30804.86
MinimumVisualStudioVersion = 10.0.40219.1
Project("{FAE04EC0-301F-11D3-BF4B-00C04F79EFBC}") = "DayOfWeek", "DayOfWeek\DayOfWeek.csproj", "{35F91FC3-4CD2-4C3A-83C8-8C717C94B476}"
EndProject
Project("{2150E333-8FDC-42A3-9474-1A3956D46DE8}") = "Arrays - Lab", "Arrays - Lab", "{703E30A1-4621-400A-8EC9-C73C23CEF4F8}"
EndProject
Project("{FAE04EC0-301F-11D3-BF4B-00C04F79EFBC}") = "PrintNumbersInReverseOrder", "PrintNumbersInReverseOrder\PrintNumbersInReverseOrder.csproj", "{F66D9242-1168-4404-A46F-7DBBA2BED479}"
EndProject
Project("{FAE04EC0-301F-11D3-BF4B-00C04F79EFBC}") = "RoundingNumbers", "RoundingNumbers\RoundingNumbers.csproj", "{08925233-9319-4B06-A910-0882B0BE40EC}"
EndProject
Project("{FAE04EC0-301F-11D3-BF4B-00C04F79EFBC}") = "ReverseArrayOfStrings", "ReverseArrayOfStrings\ReverseArrayOfStrings.csproj", "{343FE52B-E403-4EE4-A1F6-2F2128381BA3}"
EndProject
Project("{FAE04EC0-301F-11D3-BF4B-00C04F79EFBC}") = "SumEvenNumbers", "SumEvenNumbers\SumEvenNumbers.csproj", "{EB038BA1-14AB-45F9-B756-7AF7D3F49B9D}"
EndProject
Project("{FAE04EC0-301F-11D3-BF4B-00C04F79EFBC}") = "EvenAndOddSubtraction", "EvenAndOddSubtraction\EvenAndOddSubtraction.csproj", "{80F34C6C-B033-4AC3-BA82-00CA1DE5F12D}"
EndProject
Project("{FAE04EC0-301F-11D3-BF4B-00C04F79EFBC}") = "EqualArrays", "EqualArrays\EqualArrays.csproj", "{D2DDE25E-A504-4414-A1BA-4928FF664F00}"
EndProject
Project("{FAE04EC0-301F-11D3-BF4B-00C04F79EFBC}") = "CondenseArrayToNumber", "CondenseArrayToNumber\CondenseArrayToNumber.csproj", "{B9BB13C0-06F4-4C2D-8504-7C50CEC15810}"
EndProject
Project("{2150E333-8FDC-42A3-9474-1A3956D46DE8}") = "Arrays - Exercise", "Arrays - Exercise", "{D12A1780-C716-4588-8CFC-16CDD74D6CF1}"
EndProject
Project("{FAE04EC0-301F-11D3-BF4B-00C04F79EFBC}") = "Train", "Train\Train.csproj", "{FDEE4871-408F-4CBD-B113-5E157699B9D4}"
EndProject
Project("{FAE04EC0-301F-11D3-BF4B-00C04F79EFBC}") = "CommonElements", "CommonElements\CommonElements.csproj", "{6C1BA3E8-EF23-43B8-B507-FA838E912B70}"
EndProject
Project("{FAE04EC0-301F-11D3-BF4B-00C04F79EFBC}") = "Zig-ZagArrays", "Zig-ZagArrays\Zig-ZagArrays.csproj", "{1D7E1B28-7066-4AB2-AD37-98F1C82B44B5}"
EndProject
Project("{FAE04EC0-301F-11D3-BF4B-00C04F79EFBC}") = "ArrayRotation", "ArrayRotation\ArrayRotation.csproj", "{30412A72-904C-41F8-AA7E-45BD1FC30D08}"
EndProject
Project("{FAE04EC0-301F-11D3-BF4B-00C04F79EFBC}") = "TopIntegers", "TopIntegers\TopIntegers.csproj", "{88DB9A3D-D65A-40E1-9912-FCF8355FFFAF}"
EndProject
Project("{FAE04EC0-301F-11D3-BF4B-00C04F79EFBC}") = "EqualSum", "EqualSum\EqualSum.csproj", "{662A7389-2F60-4681-B91C-F0021B0A31E4}"
EndProject
Project("{FAE04EC0-301F-11D3-BF4B-00C04F79EFBC}") = "MaxSequenceOfEqualElements", "MaxSequenceOfEqualElements\MaxSequenceOfEqualElements.csproj", "{620BB5AE-182C-4424-89D7-00E142F76315}"
EndProject
Project("{FAE04EC0-301F-11D3-BF4B-00C04F79EFBC}") = "MagicSum", "MagicSum\MagicSum.csproj", "{4C97B01F-AADA-407C-A4F7-A18BAFC9F470}"
EndProject
Project("{2150E333-8FDC-42A3-9474-1A3956D46DE8}") = "Arrays - More Exercise", "Arrays - More Exercise", "{044EAC17-45FC-438E-81BB-4F9E91292017}"
EndProject
Project("{FAE04EC0-301F-11D3-BF4B-00C04F79EFBC}") = "Encrypt,SortAndPrintArray", "Encrypt,SortAndPrintArray\Encrypt,SortAndPrintArray.csproj", "{33E94661-CA8E-4E2A-BEFA-0C85BC4A30CB}"
EndProject
Project("{FAE04EC0-301F-11D3-BF4B-00C04F79EFBC}") = "PascalTriangle", "PascalTriangle\PascalTriangle.csproj", "{A7801B60-AC07-4234-A008-767846FE08D0}"
EndProject
Project("{FAE04EC0-301F-11D3-BF4B-00C04F79EFBC}") = "RecursiveFibonacci", "RecursiveFibonacci\RecursiveFibonacci.csproj", "{B91AA4B2-68B7-43F3-9F06-E10F508112BE}"
EndProject
Project("{FAE04EC0-301F-11D3-BF4B-00C04F79EFBC}") = "FoldAndSum", "FoldAndSum\FoldAndSum.csproj", "{92F1B32F-F3FE-46E9-A531-F0B1BC196627}"
EndProject
Project("{FAE04EC0-301F-11D3-BF4B-00C04F79EFBC}") = "LongestIncreasingSubsequence", "LongestIncreasingSubsequence\LongestIncreasingSubsequence.csproj", "{D9314DF3-F891-4248-8536-230AA9ADDB62}"
EndProject
Global
	GlobalSection(SolutionConfigurationPlatforms) = preSolution
		Debug|Any CPU = Debug|Any CPU
		Release|Any CPU = Release|Any CPU
	EndGlobalSection
	GlobalSection(ProjectConfigurationPlatforms) = postSolution
		{35F91FC3-4CD2-4C3A-83C8-8C717C94B476}.Debug|Any CPU.ActiveCfg = Debug|Any CPU
		{35F91FC3-4CD2-4C3A-83C8-8C717C94B476}.Debug|Any CPU.Build.0 = Debug|Any CPU
		{35F91FC3-4CD2-4C3A-83C8-8C717C94B476}.Release|Any CPU.ActiveCfg = Release|Any CPU
		{35F91FC3-4CD2-4C3A-83C8-8C717C94B476}.Release|Any CPU.Build.0 = Release|Any CPU
		{F66D9242-1168-4404-A46F-7DBBA2BED479}.Debug|Any CPU.ActiveCfg = Debug|Any CPU
		{F66D9242-1168-4404-A46F-7DBBA2BED479}.Debug|Any CPU.Build.0 = Debug|Any CPU
		{F66D9242-1168-4404-A46F-7DBBA2BED479}.Release|Any CPU.ActiveCfg = Release|Any CPU
		{F66D9242-1168-4404-A46F-7DBBA2BED479}.Release|Any CPU.Build.0 = Release|Any CPU
		{08925233-9319-4B06-A910-0882B0BE40EC}.Debug|Any CPU.ActiveCfg = Debug|Any CPU
		{08925233-9319-4B06-A910-0882B0BE40EC}.Debug|Any CPU.Build.0 = Debug|Any CPU
		{08925233-9319-4B06-A910-0882B0BE40EC}.Release|Any CPU.ActiveCfg = Release|Any CPU
		{08925233-9319-4B06-A910-0882B0BE40EC}.Release|Any CPU.Build.0 = Release|Any CPU
		{343FE52B-E403-4EE4-A1F6-2F2128381BA3}.Debug|Any CPU.ActiveCfg = Debug|Any CPU
		{343FE52B-E403-4EE4-A1F6-2F2128381BA3}.Debug|Any CPU.Build.0 = Debug|Any CPU
		{343FE52B-E403-4EE4-A1F6-2F2128381BA3}.Release|Any CPU.ActiveCfg = Release|Any CPU
		{343FE52B-E403-4EE4-A1F6-2F2128381BA3}.Release|Any CPU.Build.0 = Release|Any CPU
		{EB038BA1-14AB-45F9-B756-7AF7D3F49B9D}.Debug|Any CPU.ActiveCfg = Debug|Any CPU
		{EB038BA1-14AB-45F9-B756-7AF7D3F49B9D}.Debug|Any CPU.Build.0 = Debug|Any CPU
		{EB038BA1-14AB-45F9-B756-7AF7D3F49B9D}.Release|Any CPU.ActiveCfg = Release|Any CPU
		{EB038BA1-14AB-45F9-B756-7AF7D3F49B9D}.Release|Any CPU.Build.0 = Release|Any CPU
		{80F34C6C-B033-4AC3-BA82-00CA1DE5F12D}.Debug|Any CPU.ActiveCfg = Debug|Any CPU
		{80F34C6C-B033-4AC3-BA82-00CA1DE5F12D}.Debug|Any CPU.Build.0 = Debug|Any CPU
		{80F34C6C-B033-4AC3-BA82-00CA1DE5F12D}.Release|Any CPU.ActiveCfg = Release|Any CPU
		{80F34C6C-B033-4AC3-BA82-00CA1DE5F12D}.Release|Any CPU.Build.0 = Release|Any CPU
		{D2DDE25E-A504-4414-A1BA-4928FF664F00}.Debug|Any CPU.ActiveCfg = Debug|Any CPU
		{D2DDE25E-A504-4414-A1BA-4928FF664F00}.Debug|Any CPU.Build.0 = Debug|Any CPU
		{D2DDE25E-A504-4414-A1BA-4928FF664F00}.Release|Any CPU.ActiveCfg = Release|Any CPU
		{D2DDE25E-A504-4414-A1BA-4928FF664F00}.Release|Any CPU.Build.0 = Release|Any CPU
		{B9BB13C0-06F4-4C2D-8504-7C50CEC15810}.Debug|Any CPU.ActiveCfg = Debug|Any CPU
		{B9BB13C0-06F4-4C2D-8504-7C50CEC15810}.Debug|Any CPU.Build.0 = Debug|Any CPU
		{B9BB13C0-06F4-4C2D-8504-7C50CEC15810}.Release|Any CPU.ActiveCfg = Release|Any CPU
		{B9BB13C0-06F4-4C2D-8504-7C50CEC15810}.Release|Any CPU.Build.0 = Release|Any CPU
		{FDEE4871-408F-4CBD-B113-5E157699B9D4}.Debug|Any CPU.ActiveCfg = Debug|Any CPU
		{FDEE4871-408F-4CBD-B113-5E157699B9D4}.Debug|Any CPU.Build.0 = Debug|Any CPU
		{FDEE4871-408F-4CBD-B113-5E157699B9D4}.Release|Any CPU.ActiveCfg = Release|Any CPU
		{FDEE4871-408F-4CBD-B113-5E157699B9D4}.Release|Any CPU.Build.0 = Release|Any CPU
		{6C1BA3E8-EF23-43B8-B507-FA838E912B70}.Debug|Any CPU.ActiveCfg = Debug|Any CPU
		{6C1BA3E8-EF23-43B8-B507-FA838E912B70}.Debug|Any CPU.Build.0 = Debug|Any CPU
		{6C1BA3E8-EF23-43B8-B507-FA838E912B70}.Release|Any CPU.ActiveCfg = Release|Any CPU
		{6C1BA3E8-EF23-43B8-B507-FA838E912B70}.Release|Any CPU.Build.0 = Release|Any CPU
		{1D7E1B28-7066-4AB2-AD37-98F1C82B44B5}.Debug|Any CPU.ActiveCfg = Debug|Any CPU
		{1D7E1B28-7066-4AB2-AD37-98F1C82B44B5}.Debug|Any CPU.Build.0 = Debug|Any CPU
		{1D7E1B28-7066-4AB2-AD37-98F1C82B44B5}.Release|Any CPU.ActiveCfg = Release|Any CPU
		{1D7E1B28-7066-4AB2-AD37-98F1C82B44B5}.Release|Any CPU.Build.0 = Release|Any CPU
		{30412A72-904C-41F8-AA7E-45BD1FC30D08}.Debug|Any CPU.ActiveCfg = Debug|Any CPU
		{30412A72-904C-41F8-AA7E-45BD1FC30D08}.Debug|Any CPU.Build.0 = Debug|Any CPU
		{30412A72-904C-41F8-AA7E-45BD1FC30D08}.Release|Any CPU.ActiveCfg = Release|Any CPU
		{30412A72-904C-41F8-AA7E-45BD1FC30D08}.Release|Any CPU.Build.0 = Release|Any CPU
		{88DB9A3D-D65A-40E1-9912-FCF8355FFFAF}.Debug|Any CPU.ActiveCfg = Debug|Any CPU
		{88DB9A3D-D65A-40E1-9912-FCF8355FFFAF}.Debug|Any CPU.Build.0 = Debug|Any CPU
		{88DB9A3D-D65A-40E1-9912-FCF8355FFFAF}.Release|Any CPU.ActiveCfg = Release|Any CPU
		{88DB9A3D-D65A-40E1-9912-FCF8355FFFAF}.Release|Any CPU.Build.0 = Release|Any CPU
		{662A7389-2F60-4681-B91C-F0021B0A31E4}.Debug|Any CPU.ActiveCfg = Debug|Any CPU
		{662A7389-2F60-4681-B91C-F0021B0A31E4}.Debug|Any CPU.Build.0 = Debug|Any CPU
		{662A7389-2F60-4681-B91C-F0021B0A31E4}.Release|Any CPU.ActiveCfg = Release|Any CPU
		{662A7389-2F60-4681-B91C-F0021B0A31E4}.Release|Any CPU.Build.0 = Release|Any CPU
		{620BB5AE-182C-4424-89D7-00E142F76315}.Debug|Any CPU.ActiveCfg = Debug|Any CPU
		{620BB5AE-182C-4424-89D7-00E142F76315}.Debug|Any CPU.Build.0 = Debug|Any CPU
		{620BB5AE-182C-4424-89D7-00E142F76315}.Release|Any CPU.ActiveCfg = Release|Any CPU
		{620BB5AE-182C-4424-89D7-00E142F76315}.Release|Any CPU.Build.0 = Release|Any CPU
		{4C97B01F-AADA-407C-A4F7-A18BAFC9F470}.Debug|Any CPU.ActiveCfg = Debug|Any CPU
		{4C97B01F-AADA-407C-A4F7-A18BAFC9F470}.Debug|Any CPU.Build.0 = Debug|Any CPU
		{4C97B01F-AADA-407C-A4F7-A18BAFC9F470}.Release|Any CPU.ActiveCfg = Release|Any CPU
		{4C97B01F-AADA-407C-A4F7-A18BAFC9F470}.Release|Any CPU.Build.0 = Release|Any CPU
		{33E94661-CA8E-4E2A-BEFA-0C85BC4A30CB}.Debug|Any CPU.ActiveCfg = Debug|Any CPU
		{33E94661-CA8E-4E2A-BEFA-0C85BC4A30CB}.Debug|Any CPU.Build.0 = Debug|Any CPU
		{33E94661-CA8E-4E2A-BEFA-0C85BC4A30CB}.Release|Any CPU.ActiveCfg = Release|Any CPU
		{33E94661-CA8E-4E2A-BEFA-0C85BC4A30CB}.Release|Any CPU.Build.0 = Release|Any CPU
		{A7801B60-AC07-4234-A008-767846FE08D0}.Debug|Any CPU.ActiveCfg = Debug|Any CPU
		{A7801B60-AC07-4234-A008-767846FE08D0}.Debug|Any CPU.Build.0 = Debug|Any CPU
		{A7801B60-AC07-4234-A008-767846FE08D0}.Release|Any CPU.ActiveCfg = Release|Any CPU
		{A7801B60-AC07-4234-A008-767846FE08D0}.Release|Any CPU.Build.0 = Release|Any CPU
		{B91AA4B2-68B7-43F3-9F06-E10F508112BE}.Debug|Any CPU.ActiveCfg = Debug|Any CPU
		{B91AA4B2-68B7-43F3-9F06-E10F508112BE}.Debug|Any CPU.Build.0 = Debug|Any CPU
		{B91AA4B2-68B7-43F3-9F06-E10F508112BE}.Release|Any CPU.ActiveCfg = Release|Any CPU
		{B91AA4B2-68B7-43F3-9F06-E10F508112BE}.Release|Any CPU.Build.0 = Release|Any CPU
		{92F1B32F-F3FE-46E9-A531-F0B1BC196627}.Debug|Any CPU.ActiveCfg = Debug|Any CPU
		{92F1B32F-F3FE-46E9-A531-F0B1BC196627}.Debug|Any CPU.Build.0 = Debug|Any CPU
		{92F1B32F-F3FE-46E9-A531-F0B1BC196627}.Release|Any CPU.ActiveCfg = Release|Any CPU
		{92F1B32F-F3FE-46E9-A531-F0B1BC196627}.Release|Any CPU.Build.0 = Release|Any CPU
		{D9314DF3-F891-4248-8536-230AA9ADDB62}.Debug|Any CPU.ActiveCfg = Debug|Any CPU
		{D9314DF3-F891-4248-8536-230AA9ADDB62}.Debug|Any CPU.Build.0 = Debug|Any CPU
		{D9314DF3-F891-4248-8536-230AA9ADDB62}.Release|Any CPU.ActiveCfg = Release|Any CPU
		{D9314DF3-F891-4248-8536-230AA9ADDB62}.Release|Any CPU.Build.0 = Release|Any CPU
	EndGlobalSection
	GlobalSection(SolutionProperties) = preSolution
		HideSolutionNode = FALSE
	EndGlobalSection
	GlobalSection(NestedProjects) = preSolution
		{35F91FC3-4CD2-4C3A-83C8-8C717C94B476} = {703E30A1-4621-400A-8EC9-C73C23CEF4F8}
		{F66D9242-1168-4404-A46F-7DBBA2BED479} = {703E30A1-4621-400A-8EC9-C73C23CEF4F8}
		{08925233-9319-4B06-A910-0882B0BE40EC} = {703E30A1-4621-400A-8EC9-C73C23CEF4F8}
		{343FE52B-E403-4EE4-A1F6-2F2128381BA3} = {703E30A1-4621-400A-8EC9-C73C23CEF4F8}
		{EB038BA1-14AB-45F9-B756-7AF7D3F49B9D} = {703E30A1-4621-400A-8EC9-C73C23CEF4F8}
		{80F34C6C-B033-4AC3-BA82-00CA1DE5F12D} = {703E30A1-4621-400A-8EC9-C73C23CEF4F8}
		{D2DDE25E-A504-4414-A1BA-4928FF664F00} = {703E30A1-4621-400A-8EC9-C73C23CEF4F8}
		{B9BB13C0-06F4-4C2D-8504-7C50CEC15810} = {703E30A1-4621-400A-8EC9-C73C23CEF4F8}
		{FDEE4871-408F-4CBD-B113-5E157699B9D4} = {D12A1780-C716-4588-8CFC-16CDD74D6CF1}
		{6C1BA3E8-EF23-43B8-B507-FA838E912B70} = {D12A1780-C716-4588-8CFC-16CDD74D6CF1}
		{1D7E1B28-7066-4AB2-AD37-98F1C82B44B5} = {D12A1780-C716-4588-8CFC-16CDD74D6CF1}
		{30412A72-904C-41F8-AA7E-45BD1FC30D08} = {D12A1780-C716-4588-8CFC-16CDD74D6CF1}
		{88DB9A3D-D65A-40E1-9912-FCF8355FFFAF} = {D12A1780-C716-4588-8CFC-16CDD74D6CF1}
		{662A7389-2F60-4681-B91C-F0021B0A31E4} = {D12A1780-C716-4588-8CFC-16CDD74D6CF1}
		{620BB5AE-182C-4424-89D7-00E142F76315} = {D12A1780-C716-4588-8CFC-16CDD74D6CF1}
		{4C97B01F-AADA-407C-A4F7-A18BAFC9F470} = {D12A1780-C716-4588-8CFC-16CDD74D6CF1}
		{33E94661-CA8E-4E2A-BEFA-0C85BC4A30CB} = {044EAC17-45FC-438E-81BB-4F9E91292017}
		{A7801B60-AC07-4234-A008-767846FE08D0} = {044EAC17-45FC-438E-81BB-4F9E91292017}
		{B91AA4B2-68B7-43F3-9F06-E10F508112BE} = {044EAC17-45FC-438E-81BB-4F9E91292017}
		{92F1B32F-F3FE-46E9-A531-F0B1BC196627} = {044EAC17-45FC-438E-81BB-4F9E91292017}
		{D9314DF3-F891-4248-8536-230AA9ADDB62} = {044EAC17-45FC-438E-81BB-4F9E91292017}
	EndGlobalSection
	GlobalSection(ExtensibilityGlobals) = postSolution
		SolutionGuid = {7B085F4C-514A-4228-A1BE-5603D96DBD25}
	EndGlobalSection
EndGlobal
